// !$*UTF8*$!
{
	archiveVersion = 1;
	classes = {
	};
	objectVersion = 46;
	objects = {

/* Begin PBXBuildFile section */
		4325001213CE9F5300D41D42 /* RootViewController.m in Sources */ = {isa = PBXBuildFile; fileRef = 4325001013CE9F5300D41D42 /* RootViewController.m */; };
		4325001313CE9F5300D41D42 /* RootViewController.xib in Resources */ = {isa = PBXBuildFile; fileRef = 4325001113CE9F5300D41D42 /* RootViewController.xib */; };
		4334F0AE13CD0C2D0053A32A /* Shader.fsh in Resources */ = {isa = PBXBuildFile; fileRef = 4334F0AC13CD0C2D0053A32A /* Shader.fsh */; };
		4334F0AF13CD0C2D0053A32A /* Shader.vsh in Resources */ = {isa = PBXBuildFile; fileRef = 4334F0AD13CD0C2D0053A32A /* Shader.vsh */; };
		43533ACB13CD0654004DCF07 /* ESRenderer.mm in Sources */ = {isa = PBXBuildFile; fileRef = 43533AC613CD0654004DCF07 /* ESRenderer.mm */; };
		43533ACC13CD0654004DCF07 /* ESRenderView.mm in Sources */ = {isa = PBXBuildFile; fileRef = 43533AC813CD0654004DCF07 /* ESRenderView.mm */; };
		43533ACD13CD0654004DCF07 /* ESRenderViewController.mm in Sources */ = {isa = PBXBuildFile; fileRef = 43533ACA13CD0654004DCF07 /* ESRenderViewController.mm */; };
		43533C1713CD08D9004DCF07 /* libves.a in Frameworks */ = {isa = PBXBuildFile; fileRef = 43533C1613CD08D9004DCF07 /* libves.a */; };
		43533C2113CD0A39004DCF07 /* QuartzCore.framework in Frameworks */ = {isa = PBXBuildFile; fileRef = 43533C2013CD0A39004DCF07 /* QuartzCore.framework */; };
		43533C2313CD0A41004DCF07 /* OpenGLES.framework in Frameworks */ = {isa = PBXBuildFile; fileRef = 43533C2213CD0A41004DCF07 /* OpenGLES.framework */; };
		43657DF913D9D92E0016FBC1 /* vesPolyDataToTriangleData.cpp in Sources */ = {isa = PBXBuildFile; fileRef = 43657DF713D9D92E0016FBC1 /* vesPolyDataToTriangleData.cpp */; };
		4385FDA013CE8F0500BCE998 /* SceneController.mm in Sources */ = {isa = PBXBuildFile; fileRef = 4385FD9F13CE8F0500BCE998 /* SceneController.mm */; };
		4385FDB213CE905000BCE998 /* libvtkCommonCore.a in Frameworks */ = {isa = PBXBuildFile; fileRef = 4385FDA513CE905000BCE998 /* libvtkCommonCore.a */; };
		4385FDB313CE905000BCE998 /* libvtkCommonDataModel.a in Frameworks */ = {isa = PBXBuildFile; fileRef = 4385FDA613CE905000BCE998 /* libvtkCommonDataModel.a */; };
		4385FDB413CE905000BCE998 /* libvtkCommonMath.a in Frameworks */ = {isa = PBXBuildFile; fileRef = 4385FDA713CE905000BCE998 /* libvtkCommonMath.a */; };
		4385FDB513CE905000BCE998 /* libvtkCommonMisc.a in Frameworks */ = {isa = PBXBuildFile; fileRef = 4385FDA813CE905000BCE998 /* libvtkCommonMisc.a */; };
		4385FDB613CE905000BCE998 /* libvtkCommonSystem.a in Frameworks */ = {isa = PBXBuildFile; fileRef = 4385FDA913CE905000BCE998 /* libvtkCommonSystem.a */; };
		4385FDB713CE905000BCE998 /* libvtkCommonTransforms.a in Frameworks */ = {isa = PBXBuildFile; fileRef = 4385FDAA13CE905000BCE998 /* libvtkCommonTransforms.a */; };
		4385FDB813CE905000BCE998 /* libvtkexpat.a in Frameworks */ = {isa = PBXBuildFile; fileRef = 4385FDAB13CE905000BCE998 /* libvtkexpat.a */; };
		4385FDB913CE905000BCE998 /* libvtkFiltersCutter.a in Frameworks */ = {isa = PBXBuildFile; fileRef = 4385FDAC13CE905000BCE998 /* libvtkFiltersCutter.a */; };
		4385FDBA13CE905000BCE998 /* libvtkIOCore.a in Frameworks */ = {isa = PBXBuildFile; fileRef = 4385FDAD13CE905000BCE998 /* libvtkIOCore.a */; };
		4385FDBB13CE905000BCE998 /* libvtkIOGeometry.a in Frameworks */ = {isa = PBXBuildFile; fileRef = 4385FDAE13CE905000BCE998 /* libvtkIOGeometry.a */; };
		4385FDBC13CE905000BCE998 /* libvtkIOXML.a in Frameworks */ = {isa = PBXBuildFile; fileRef = 4385FDAF13CE905000BCE998 /* libvtkIOXML.a */; };
		4385FDBD13CE905000BCE998 /* libvtksys.a in Frameworks */ = {isa = PBXBuildFile; fileRef = 4385FDB013CE905000BCE998 /* libvtksys.a */; };
		4385FDBE13CE905000BCE998 /* libvtkzlib.a in Frameworks */ = {isa = PBXBuildFile; fileRef = 4385FDB113CE905000BCE998 /* libvtkzlib.a */; };
		43D6025D13CD05830077C8B7 /* UIKit.framework in Frameworks */ = {isa = PBXBuildFile; fileRef = 43D6025C13CD05830077C8B7 /* UIKit.framework */; };
		43D6025F13CD05830077C8B7 /* Foundation.framework in Frameworks */ = {isa = PBXBuildFile; fileRef = 43D6025E13CD05830077C8B7 /* Foundation.framework */; };
		43D6026113CD05830077C8B7 /* CoreGraphics.framework in Frameworks */ = {isa = PBXBuildFile; fileRef = 43D6026013CD05830077C8B7 /* CoreGraphics.framework */; };
		43D6026713CD05830077C8B7 /* InfoPlist.strings in Resources */ = {isa = PBXBuildFile; fileRef = 43D6026513CD05830077C8B7 /* InfoPlist.strings */; };
		43D6026A13CD05830077C8B7 /* main.m in Sources */ = {isa = PBXBuildFile; fileRef = 43D6026913CD05830077C8B7 /* main.m */; };
		43D6026D13CD05830077C8B7 /* SandboxAppDelegate.m in Sources */ = {isa = PBXBuildFile; fileRef = 43D6026C13CD05830077C8B7 /* SandboxAppDelegate.m */; };
		43D6027013CD05830077C8B7 /* MainWindow.xib in Resources */ = {isa = PBXBuildFile; fileRef = 43D6026E13CD05830077C8B7 /* MainWindow.xib */; };
/* End PBXBuildFile section */

/* Begin PBXFileReference section */
		4325000F13CE9F5300D41D42 /* RootViewController.h */ = {isa = PBXFileReference; fileEncoding = 4; lastKnownFileType = sourcecode.c.h; path = RootViewController.h; sourceTree = "<group>"; };
		4325001013CE9F5300D41D42 /* RootViewController.m */ = {isa = PBXFileReference; fileEncoding = 4; lastKnownFileType = sourcecode.c.objc; path = RootViewController.m; sourceTree = "<group>"; };
		4325001113CE9F5300D41D42 /* RootViewController.xib */ = {isa = PBXFileReference; fileEncoding = 4; lastKnownFileType = file.xib; path = RootViewController.xib; sourceTree = "<group>"; };
		4334F0AC13CD0C2D0053A32A /* Shader.fsh */ = {isa = PBXFileReference; lastKnownFileType = sourcecode.glsl; name = Shader.fsh; path = ../../../../src/shaders/Shader.fsh; sourceTree = "<group>"; };
		4334F0AD13CD0C2D0053A32A /* Shader.vsh */ = {isa = PBXFileReference; lastKnownFileType = sourcecode.glsl; name = Shader.vsh; path = ../../../../src/shaders/Shader.vsh; sourceTree = "<group>"; };
		43533AC513CD0654004DCF07 /* ESRenderer.h */ = {isa = PBXFileReference; fileEncoding = 4; lastKnownFileType = sourcecode.c.h; name = ESRenderer.h; path = ../Common/ESRenderView/ESRenderer.h; sourceTree = "<group>"; };
		43533AC613CD0654004DCF07 /* ESRenderer.mm */ = {isa = PBXFileReference; fileEncoding = 4; lastKnownFileType = sourcecode.cpp.objcpp; name = ESRenderer.mm; path = ../Common/ESRenderView/ESRenderer.mm; sourceTree = "<group>"; };
		43533AC713CD0654004DCF07 /* ESRenderView.h */ = {isa = PBXFileReference; fileEncoding = 4; lastKnownFileType = sourcecode.c.h; name = ESRenderView.h; path = ../Common/ESRenderView/ESRenderView.h; sourceTree = "<group>"; };
		43533AC813CD0654004DCF07 /* ESRenderView.mm */ = {isa = PBXFileReference; fileEncoding = 4; lastKnownFileType = sourcecode.cpp.objcpp; name = ESRenderView.mm; path = ../Common/ESRenderView/ESRenderView.mm; sourceTree = "<group>"; };
		43533AC913CD0654004DCF07 /* ESRenderViewController.h */ = {isa = PBXFileReference; fileEncoding = 4; lastKnownFileType = sourcecode.c.h; name = ESRenderViewController.h; path = ../Common/ESRenderView/ESRenderViewController.h; sourceTree = "<group>"; };
		43533ACA13CD0654004DCF07 /* ESRenderViewController.mm */ = {isa = PBXFileReference; fileEncoding = 4; lastKnownFileType = sourcecode.cpp.objcpp; name = ESRenderViewController.mm; path = ../Common/ESRenderView/ESRenderViewController.mm; sourceTree = "<group>"; };
		43533C1613CD08D9004DCF07 /* libves.a */ = {isa = PBXFileReference; lastKnownFileType = archive.ar; name = libves.a; path = "../CMakeBuild/build/CMakeExternals/Build/ves-simulator/libves.a"; sourceTree = "<group>"; };
		43533C2013CD0A39004DCF07 /* QuartzCore.framework */ = {isa = PBXFileReference; lastKnownFileType = wrapper.framework; name = QuartzCore.framework; path = System/Library/Frameworks/QuartzCore.framework; sourceTree = SDKROOT; };
		43533C2213CD0A41004DCF07 /* OpenGLES.framework */ = {isa = PBXFileReference; lastKnownFileType = wrapper.framework; name = OpenGLES.framework; path = System/Library/Frameworks/OpenGLES.framework; sourceTree = SDKROOT; };
		43657DF713D9D92E0016FBC1 /* vesPolyDataToTriangleData.cpp */ = {isa = PBXFileReference; fileEncoding = 4; lastKnownFileType = sourcecode.cpp.cpp; name = vesPolyDataToTriangleData.cpp; path = ../../../../src/ves/vesPolyDataToTriangleData.cpp; sourceTree = "<group>"; };
		43657DF813D9D92E0016FBC1 /* vesPolyDataToTriangleData.h */ = {isa = PBXFileReference; fileEncoding = 4; lastKnownFileType = sourcecode.c.h; name = vesPolyDataToTriangleData.h; path = ../../../../src/ves/vesPolyDataToTriangleData.h; sourceTree = "<group>"; };
		4385FD9E13CE8F0500BCE998 /* SceneController.h */ = {isa = PBXFileReference; fileEncoding = 4; lastKnownFileType = sourcecode.c.h; path = SceneController.h; sourceTree = "<group>"; };
		4385FD9F13CE8F0500BCE998 /* SceneController.mm */ = {isa = PBXFileReference; fileEncoding = 4; lastKnownFileType = sourcecode.cpp.objcpp; path = SceneController.mm; sourceTree = "<group>"; };
		4385FDA513CE905000BCE998 /* libvtkCommonCore.a */ = {isa = PBXFileReference; lastKnownFileType = archive.ar; name = libvtkCommonCore.a; path = "../CMakeBuild/build/CMakeExternals/Install/vtkmodular-simulator/lib/libvtkCommonCore.a"; sourceTree = "<group>"; };
		4385FDA613CE905000BCE998 /* libvtkCommonDataModel.a */ = {isa = PBXFileReference; lastKnownFileType = archive.ar; name = libvtkCommonDataModel.a; path = "../CMakeBuild/build/CMakeExternals/Install/vtkmodular-simulator/lib/libvtkCommonDataModel.a"; sourceTree = "<group>"; };
		4385FDA713CE905000BCE998 /* libvtkCommonMath.a */ = {isa = PBXFileReference; lastKnownFileType = archive.ar; name = libvtkCommonMath.a; path = "../CMakeBuild/build/CMakeExternals/Install/vtkmodular-simulator/lib/libvtkCommonMath.a"; sourceTree = "<group>"; };
		4385FDA813CE905000BCE998 /* libvtkCommonMisc.a */ = {isa = PBXFileReference; lastKnownFileType = archive.ar; name = libvtkCommonMisc.a; path = "../CMakeBuild/build/CMakeExternals/Install/vtkmodular-simulator/lib/libvtkCommonMisc.a"; sourceTree = "<group>"; };
		4385FDA913CE905000BCE998 /* libvtkCommonSystem.a */ = {isa = PBXFileReference; lastKnownFileType = archive.ar; name = libvtkCommonSystem.a; path = "../CMakeBuild/build/CMakeExternals/Install/vtkmodular-simulator/lib/libvtkCommonSystem.a"; sourceTree = "<group>"; };
		4385FDAA13CE905000BCE998 /* libvtkCommonTransforms.a */ = {isa = PBXFileReference; lastKnownFileType = archive.ar; name = libvtkCommonTransforms.a; path = "../CMakeBuild/build/CMakeExternals/Install/vtkmodular-simulator/lib/libvtkCommonTransforms.a"; sourceTree = "<group>"; };
		4385FDAB13CE905000BCE998 /* libvtkexpat.a */ = {isa = PBXFileReference; lastKnownFileType = archive.ar; name = libvtkexpat.a; path = "../CMakeBuild/build/CMakeExternals/Install/vtkmodular-simulator/lib/libvtkexpat.a"; sourceTree = "<group>"; };
		4385FDAC13CE905000BCE998 /* libvtkFiltersCutter.a */ = {isa = PBXFileReference; lastKnownFileType = archive.ar; name = libvtkFiltersCutter.a; path = "../CMakeBuild/build/CMakeExternals/Install/vtkmodular-simulator/lib/libvtkFiltersCutter.a"; sourceTree = "<group>"; };
		4385FDAD13CE905000BCE998 /* libvtkIOCore.a */ = {isa = PBXFileReference; lastKnownFileType = archive.ar; name = libvtkIOCore.a; path = "../CMakeBuild/build/CMakeExternals/Install/vtkmodular-simulator/lib/libvtkIOCore.a"; sourceTree = "<group>"; };
		4385FDAE13CE905000BCE998 /* libvtkIOGeometry.a */ = {isa = PBXFileReference; lastKnownFileType = archive.ar; name = libvtkIOGeometry.a; path = "../CMakeBuild/build/CMakeExternals/Install/vtkmodular-simulator/lib/libvtkIOGeometry.a"; sourceTree = "<group>"; };
		4385FDAF13CE905000BCE998 /* libvtkIOXML.a */ = {isa = PBXFileReference; lastKnownFileType = archive.ar; name = libvtkIOXML.a; path = "../CMakeBuild/build/CMakeExternals/Install/vtkmodular-simulator/lib/libvtkIOXML.a"; sourceTree = "<group>"; };
		4385FDB013CE905000BCE998 /* libvtksys.a */ = {isa = PBXFileReference; lastKnownFileType = archive.ar; name = libvtksys.a; path = "../CMakeBuild/build/CMakeExternals/Install/vtkmodular-simulator/lib/libvtksys.a"; sourceTree = "<group>"; };
		4385FDB113CE905000BCE998 /* libvtkzlib.a */ = {isa = PBXFileReference; lastKnownFileType = archive.ar; name = libvtkzlib.a; path = "../CMakeBuild/build/CMakeExternals/Install/vtkmodular-simulator/lib/libvtkzlib.a"; sourceTree = "<group>"; };
		43D6025813CD05830077C8B7 /* Sandbox.app */ = {isa = PBXFileReference; explicitFileType = wrapper.application; includeInIndex = 0; path = Sandbox.app; sourceTree = BUILT_PRODUCTS_DIR; };
		43D6025C13CD05830077C8B7 /* UIKit.framework */ = {isa = PBXFileReference; lastKnownFileType = wrapper.framework; name = UIKit.framework; path = System/Library/Frameworks/UIKit.framework; sourceTree = SDKROOT; };
		43D6025E13CD05830077C8B7 /* Foundation.framework */ = {isa = PBXFileReference; lastKnownFileType = wrapper.framework; name = Foundation.framework; path = System/Library/Frameworks/Foundation.framework; sourceTree = SDKROOT; };
		43D6026013CD05830077C8B7 /* CoreGraphics.framework */ = {isa = PBXFileReference; lastKnownFileType = wrapper.framework; name = CoreGraphics.framework; path = System/Library/Frameworks/CoreGraphics.framework; sourceTree = SDKROOT; };
		43D6026413CD05830077C8B7 /* Sandbox-Info.plist */ = {isa = PBXFileReference; lastKnownFileType = text.plist.xml; path = "Sandbox-Info.plist"; sourceTree = "<group>"; };
		43D6026613CD05830077C8B7 /* en */ = {isa = PBXFileReference; lastKnownFileType = text.plist.strings; name = en; path = en.lproj/InfoPlist.strings; sourceTree = "<group>"; };
		43D6026813CD05830077C8B7 /* Sandbox-Prefix.pch */ = {isa = PBXFileReference; lastKnownFileType = sourcecode.c.h; path = "Sandbox-Prefix.pch"; sourceTree = "<group>"; };
		43D6026913CD05830077C8B7 /* main.m */ = {isa = PBXFileReference; lastKnownFileType = sourcecode.c.objc; path = main.m; sourceTree = "<group>"; };
		43D6026B13CD05830077C8B7 /* SandboxAppDelegate.h */ = {isa = PBXFileReference; lastKnownFileType = sourcecode.c.h; path = SandboxAppDelegate.h; sourceTree = "<group>"; };
		43D6026C13CD05830077C8B7 /* SandboxAppDelegate.m */ = {isa = PBXFileReference; lastKnownFileType = sourcecode.c.objc; path = SandboxAppDelegate.m; sourceTree = "<group>"; };
		43D6026F13CD05830077C8B7 /* en */ = {isa = PBXFileReference; lastKnownFileType = file.xib; name = en; path = en.lproj/MainWindow.xib; sourceTree = "<group>"; };
/* End PBXFileReference section */

/* Begin PBXFrameworksBuildPhase section */
		43D6025513CD05830077C8B7 /* Frameworks */ = {
			isa = PBXFrameworksBuildPhase;
			buildActionMask = 2147483647;
			files = (
				4385FDB213CE905000BCE998 /* libvtkCommonCore.a in Frameworks */,
				4385FDB313CE905000BCE998 /* libvtkCommonDataModel.a in Frameworks */,
				4385FDB413CE905000BCE998 /* libvtkCommonMath.a in Frameworks */,
				4385FDB513CE905000BCE998 /* libvtkCommonMisc.a in Frameworks */,
				4385FDB613CE905000BCE998 /* libvtkCommonSystem.a in Frameworks */,
				4385FDB713CE905000BCE998 /* libvtkCommonTransforms.a in Frameworks */,
				4385FDB813CE905000BCE998 /* libvtkexpat.a in Frameworks */,
				4385FDB913CE905000BCE998 /* libvtkFiltersCutter.a in Frameworks */,
				4385FDBA13CE905000BCE998 /* libvtkIOCore.a in Frameworks */,
				4385FDBB13CE905000BCE998 /* libvtkIOGeometry.a in Frameworks */,
				4385FDBC13CE905000BCE998 /* libvtkIOXML.a in Frameworks */,
				4385FDBD13CE905000BCE998 /* libvtksys.a in Frameworks */,
				4385FDBE13CE905000BCE998 /* libvtkzlib.a in Frameworks */,
				43D6025D13CD05830077C8B7 /* UIKit.framework in Frameworks */,
				43D6025F13CD05830077C8B7 /* Foundation.framework in Frameworks */,
				43D6026113CD05830077C8B7 /* CoreGraphics.framework in Frameworks */,
				43533C2113CD0A39004DCF07 /* QuartzCore.framework in Frameworks */,
				43533C2313CD0A41004DCF07 /* OpenGLES.framework in Frameworks */,
				43533C1713CD08D9004DCF07 /* libves.a in Frameworks */,
			);
			runOnlyForDeploymentPostprocessing = 0;
		};
/* End PBXFrameworksBuildPhase section */

/* Begin PBXGroup section */
		43533AC213CD063B004DCF07 /* Common */ = {
			isa = PBXGroup;
			children = (
				43533AC413CD0642004DCF07 /* ESRenderView */,
			);
			name = Common;
			sourceTree = "<group>";
		};
		43533AC413CD0642004DCF07 /* ESRenderView */ = {
			isa = PBXGroup;
			children = (
				43533AC513CD0654004DCF07 /* ESRenderer.h */,
				43533AC613CD0654004DCF07 /* ESRenderer.mm */,
				43533AC713CD0654004DCF07 /* ESRenderView.h */,
				43533AC813CD0654004DCF07 /* ESRenderView.mm */,
				43533AC913CD0654004DCF07 /* ESRenderViewController.h */,
				43533ACA13CD0654004DCF07 /* ESRenderViewController.mm */,
			);
			name = ESRenderView;
			sourceTree = "<group>";
		};
		43D6024D13CD05830077C8B7 = {
			isa = PBXGroup;
			children = (
				43D6026213CD05830077C8B7 /* Sandbox */,
				43533AC213CD063B004DCF07 /* Common */,
				43D6025B13CD05830077C8B7 /* Frameworks */,
				43D6025913CD05830077C8B7 /* Products */,
			);
			sourceTree = "<group>";
		};
		43D6025913CD05830077C8B7 /* Products */ = {
			isa = PBXGroup;
			children = (
				43D6025813CD05830077C8B7 /* Sandbox.app */,
			);
			name = Products;
			sourceTree = "<group>";
		};
		43D6025B13CD05830077C8B7 /* Frameworks */ = {
			isa = PBXGroup;
			children = (
				43533C2213CD0A41004DCF07 /* OpenGLES.framework */,
				43533C2013CD0A39004DCF07 /* QuartzCore.framework */,
				4385FDA513CE905000BCE998 /* libvtkCommonCore.a */,
				4385FDA613CE905000BCE998 /* libvtkCommonDataModel.a */,
				4385FDA713CE905000BCE998 /* libvtkCommonMath.a */,
				4385FDA813CE905000BCE998 /* libvtkCommonMisc.a */,
				4385FDA913CE905000BCE998 /* libvtkCommonSystem.a */,
				4385FDAA13CE905000BCE998 /* libvtkCommonTransforms.a */,
				4385FDAB13CE905000BCE998 /* libvtkexpat.a */,
				4385FDAC13CE905000BCE998 /* libvtkFiltersCutter.a */,
				4385FDAD13CE905000BCE998 /* libvtkIOCore.a */,
				4385FDAE13CE905000BCE998 /* libvtkIOGeometry.a */,
				4385FDAF13CE905000BCE998 /* libvtkIOXML.a */,
				4385FDB013CE905000BCE998 /* libvtksys.a */,
				4385FDB113CE905000BCE998 /* libvtkzlib.a */,
				43533C1613CD08D9004DCF07 /* libves.a */,
				43D6025C13CD05830077C8B7 /* UIKit.framework */,
				43D6025E13CD05830077C8B7 /* Foundation.framework */,
				43D6026013CD05830077C8B7 /* CoreGraphics.framework */,
			);
			name = Frameworks;
			sourceTree = "<group>";
		};
		43D6026213CD05830077C8B7 /* Sandbox */ = {
			isa = PBXGroup;
			children = (
				43657DF713D9D92E0016FBC1 /* vesPolyDataToTriangleData.cpp */,
				43657DF813D9D92E0016FBC1 /* vesPolyDataToTriangleData.h */,
				4385FD9E13CE8F0500BCE998 /* SceneController.h */,
				4385FD9F13CE8F0500BCE998 /* SceneController.mm */,
				43D6026B13CD05830077C8B7 /* SandboxAppDelegate.h */,
				43D6026C13CD05830077C8B7 /* SandboxAppDelegate.m */,
				43D6026E13CD05830077C8B7 /* MainWindow.xib */,
				4325000F13CE9F5300D41D42 /* RootViewController.h */,
				4325001013CE9F5300D41D42 /* RootViewController.m */,
				4325001113CE9F5300D41D42 /* RootViewController.xib */,
				43D6026313CD05830077C8B7 /* Supporting Files */,
			);
			path = Sandbox;
			sourceTree = "<group>";
		};
		43D6026313CD05830077C8B7 /* Supporting Files */ = {
			isa = PBXGroup;
			children = (
				4334F0AC13CD0C2D0053A32A /* Shader.fsh */,
				4334F0AD13CD0C2D0053A32A /* Shader.vsh */,
				43D6026413CD05830077C8B7 /* Sandbox-Info.plist */,
				43D6026513CD05830077C8B7 /* InfoPlist.strings */,
				43D6026813CD05830077C8B7 /* Sandbox-Prefix.pch */,
				43D6026913CD05830077C8B7 /* main.m */,
			);
			name = "Supporting Files";
			sourceTree = "<group>";
		};
/* End PBXGroup section */

/* Begin PBXNativeTarget section */
		43D6025713CD05830077C8B7 /* Sandbox */ = {
			isa = PBXNativeTarget;
			buildConfigurationList = 43D6027913CD05830077C8B7 /* Build configuration list for PBXNativeTarget "Sandbox" */;
			buildPhases = (
				43D6025413CD05830077C8B7 /* Sources */,
				43D6025513CD05830077C8B7 /* Frameworks */,
				43D6025613CD05830077C8B7 /* Resources */,
			);
			buildRules = (
			);
			dependencies = (
			);
			name = Sandbox;
			productName = Sandbox;
			productReference = 43D6025813CD05830077C8B7 /* Sandbox.app */;
			productType = "com.apple.product-type.application";
		};
/* End PBXNativeTarget section */

/* Begin PBXProject section */
		43D6024F13CD05830077C8B7 /* Project object */ = {
			isa = PBXProject;
			attributes = {
				ORGANIZATIONNAME = Kitware;
			};
			buildConfigurationList = 43D6025213CD05830077C8B7 /* Build configuration list for PBXProject "Sandbox" */;
			compatibilityVersion = "Xcode 3.2";
			developmentRegion = English;
			hasScannedForEncodings = 0;
			knownRegions = (
				en,
			);
			mainGroup = 43D6024D13CD05830077C8B7;
			productRefGroup = 43D6025913CD05830077C8B7 /* Products */;
			projectDirPath = "";
			projectRoot = "";
			targets = (
				43D6025713CD05830077C8B7 /* Sandbox */,
			);
		};
/* End PBXProject section */

/* Begin PBXResourcesBuildPhase section */
		43D6025613CD05830077C8B7 /* Resources */ = {
			isa = PBXResourcesBuildPhase;
			buildActionMask = 2147483647;
			files = (
				4334F0AE13CD0C2D0053A32A /* Shader.fsh in Resources */,
				4334F0AF13CD0C2D0053A32A /* Shader.vsh in Resources */,
				43D6026713CD05830077C8B7 /* InfoPlist.strings in Resources */,
				43D6027013CD05830077C8B7 /* MainWindow.xib in Resources */,
				4325001313CE9F5300D41D42 /* RootViewController.xib in Resources */,
			);
			runOnlyForDeploymentPostprocessing = 0;
		};
/* End PBXResourcesBuildPhase section */

/* Begin PBXSourcesBuildPhase section */
		43D6025413CD05830077C8B7 /* Sources */ = {
			isa = PBXSourcesBuildPhase;
			buildActionMask = 2147483647;
			files = (
				43D6026A13CD05830077C8B7 /* main.m in Sources */,
				43D6026D13CD05830077C8B7 /* SandboxAppDelegate.m in Sources */,
				43533ACB13CD0654004DCF07 /* ESRenderer.mm in Sources */,
				43533ACC13CD0654004DCF07 /* ESRenderView.mm in Sources */,
				43533ACD13CD0654004DCF07 /* ESRenderViewController.mm in Sources */,
				4385FDA013CE8F0500BCE998 /* SceneController.mm in Sources */,
				4325001213CE9F5300D41D42 /* RootViewController.m in Sources */,
				43657DF913D9D92E0016FBC1 /* vesPolyDataToTriangleData.cpp in Sources */,
			);
			runOnlyForDeploymentPostprocessing = 0;
		};
/* End PBXSourcesBuildPhase section */

/* Begin PBXVariantGroup section */
		43D6026513CD05830077C8B7 /* InfoPlist.strings */ = {
			isa = PBXVariantGroup;
			children = (
				43D6026613CD05830077C8B7 /* en */,
			);
			name = InfoPlist.strings;
			sourceTree = "<group>";
		};
		43D6026E13CD05830077C8B7 /* MainWindow.xib */ = {
			isa = PBXVariantGroup;
			children = (
				43D6026F13CD05830077C8B7 /* en */,
			);
			name = MainWindow.xib;
			sourceTree = "<group>";
		};
/* End PBXVariantGroup section */

/* Begin XCBuildConfiguration section */
		43D6027713CD05830077C8B7 /* Debug */ = {
			isa = XCBuildConfiguration;
			buildSettings = {
				ARCHS = "$(ARCHS_UNIVERSAL_IPHONE_OS)";
				"CODE_SIGN_IDENTITY[sdk=iphoneos*]" = "iPhone Developer";
				GCC_C_LANGUAGE_STANDARD = gnu99;
				GCC_OPTIMIZATION_LEVEL = 0;
				GCC_PREPROCESSOR_DEFINITIONS = DEBUG;
				GCC_SYMBOLS_PRIVATE_EXTERN = NO;
				GCC_VERSION = com.apple.compilers.llvmgcc42;
				GCC_WARN_ABOUT_RETURN_TYPE = YES;
				GCC_WARN_UNUSED_VARIABLE = YES;
				IPHONEOS_DEPLOYMENT_TARGET = 4.3;
				SDKROOT = iphoneos;
				TARGETED_DEVICE_FAMILY = 2;
			};
			name = Debug;
		};
		43D6027813CD05830077C8B7 /* Release */ = {
			isa = XCBuildConfiguration;
			buildSettings = {
				ARCHS = "$(ARCHS_UNIVERSAL_IPHONE_OS)";
				"CODE_SIGN_IDENTITY[sdk=iphoneos*]" = "iPhone Developer";
				GCC_C_LANGUAGE_STANDARD = gnu99;
				GCC_VERSION = com.apple.compilers.llvmgcc42;
				GCC_WARN_ABOUT_RETURN_TYPE = YES;
				GCC_WARN_UNUSED_VARIABLE = YES;
				IPHONEOS_DEPLOYMENT_TARGET = 4.3;
				OTHER_CFLAGS = "-DNS_BLOCK_ASSERTIONS=1";
				SDKROOT = iphoneos;
				TARGETED_DEVICE_FAMILY = 2;
			};
			name = Release;
		};
		43D6027A13CD05830077C8B7 /* Debug */ = {
			isa = XCBuildConfiguration;
			buildSettings = {
				ALWAYS_SEARCH_USER_PATHS = NO;
				COPY_PHASE_STRIP = NO;
				GCC_DYNAMIC_NO_PIC = NO;
				GCC_PRECOMPILE_PREFIX_HEADER = YES;
				GCC_PREFIX_HEADER = "Sandbox/Sandbox-Prefix.pch";
				HEADER_SEARCH_PATHS = (
					../../../src,
					../../../src/ves,
					../../../src/ves/vsg,
					../../../src/ves/vsg/Core,
					../../../src/ves/vsg/Grouping,
					../../../src/ves/vsg/Navigation,
					../../../src/ves/vsg/Rendering,
					../../../src/ves/vsg/Shader,
					../../../src/ves/vsg/Shape,
					../../../src/ves/vsg/Texture,
					../../../src/ves/vsg/Utility,
					"../CMakeBuild/build/CMakeExternals/Install/vtkmodular-device/include/vtk",
				);
				INFOPLIST_FILE = "Sandbox/Sandbox-Info.plist";
				LIBRARY_SEARCH_PATHS = "$(inherited)";
				"LIBRARY_SEARCH_PATHS[sdk=iphoneos*][arch=*]" = (
					"$(inherited)",
					"\"$(SRCROOT)/../CMakeBuild/build/CMakeExternals/Build/ves-device\"",
					"\"$(SRCROOT)/../CMakeBuild/build/CMakeExternals/Install/vtkmodular-device/lib\"",
				);
				"LIBRARY_SEARCH_PATHS[sdk=iphonesimulator*][arch=*]" = (
					"$(inherited)",
					"\"$(SRCROOT)/../CMakeBuild/build/CMakeExternals/Build/ves-simulator\"",
					"\"$(SRCROOT)/../CMakeBuild/build/CMakeExternals/Install/vtkmodular-simulator/lib\"",
				);
				PRODUCT_NAME = "$(TARGET_NAME)";
				WRAPPER_EXTENSION = app;
			};
			name = Debug;
		};
		43D6027B13CD05830077C8B7 /* Release */ = {
			isa = XCBuildConfiguration;
			buildSettings = {
				ALWAYS_SEARCH_USER_PATHS = NO;
				COPY_PHASE_STRIP = YES;
				GCC_PRECOMPILE_PREFIX_HEADER = YES;
				GCC_PREFIX_HEADER = "Sandbox/Sandbox-Prefix.pch";
				HEADER_SEARCH_PATHS = (
					../../../src,
					../../../src/ves,
					../../../src/ves/vsg,
					../../../src/ves/vsg/Core,
					../../../src/ves/vsg/Grouping,
					../../../src/ves/vsg/Navigation,
					../../../src/ves/vsg/Rendering,
					../../../src/ves/vsg/Shader,
					../../../src/ves/vsg/Shape,
					../../../src/ves/vsg/Texture,
					../../../src/ves/vsg/Utility,
					"../CMakeBuild/build/CMakeExternals/Install/vtkmodular-device/include/vtk",
				);
				INFOPLIST_FILE = "Sandbox/Sandbox-Info.plist";
				LIBRARY_SEARCH_PATHS = "$(inherited)";
				"LIBRARY_SEARCH_PATHS[sdk=iphoneos*][arch=*]" = (
					"$(inherited)",
					"\"$(SRCROOT)/../CMakeBuild/build/CMakeExternals/Build/ves-device\"",
					"\"$(SRCROOT)/../CMakeBuild/build/CMakeExternals/Install/vtkmodular-device/lib\"",
				);
				"LIBRARY_SEARCH_PATHS[sdk=iphonesimulator*][arch=*]" = (
					"$(inherited)",
					"\"$(SRCROOT)/../CMakeBuild/build/CMakeExternals/Build/ves-simulator\"",
					"\"$(SRCROOT)/../CMakeBuild/build/CMakeExternals/Install/vtkmodular-simulator/lib\"",
				);
				PRODUCT_NAME = "$(TARGET_NAME)";
				VALIDATE_PRODUCT = YES;
				WRAPPER_EXTENSION = app;
			};
			name = Release;
		};
/* End XCBuildConfiguration section */

/* Begin XCConfigurationList section */
		43D6025213CD05830077C8B7 /* Build configuration list for PBXProject "Sandbox" */ = {
			isa = XCConfigurationList;
			buildConfigurations = (
				43D6027713CD05830077C8B7 /* Debug */,
				43D6027813CD05830077C8B7 /* Release */,
			);
			defaultConfigurationIsVisible = 0;
			defaultConfigurationName = Release;
		};
		43D6027913CD05830077C8B7 /* Build configuration list for PBXNativeTarget "Sandbox" */ = {
			isa = XCConfigurationList;
			buildConfigurations = (
				43D6027A13CD05830077C8B7 /* Debug */,
				43D6027B13CD05830077C8B7 /* Release */,
			);
			defaultConfigurationIsVisible = 0;
			defaultConfigurationName = Release;
		};
/* End XCConfigurationList section */
	};
	rootObject = 43D6024F13CD05830077C8B7 /* Project object */;
}
