// !$*UTF8*$!
{
	archiveVersion = 1;
	classes = {
	};
	objectVersion = 46;
	objects = {

/* Begin PBXBuildFile section */
		1D60589B0D05DD56006BFB54 /* main.m in Sources */ = {isa = PBXBuildFile; fileRef = 29B97316FDCFA39411CA2CEA /* main.m */; };
		1D60589F0D05DD5A006BFB54 /* Foundation.framework in Frameworks */ = {isa = PBXBuildFile; fileRef = 1D30AB110D05D00D00671497 /* Foundation.framework */; };
		1DF5F4E00D08C38300B7A737 /* UIKit.framework in Frameworks */ = {isa = PBXBuildFile; fileRef = 1DF5F4DF0D08C38300B7A737 /* UIKit.framework */; };
		2514C27310084DB100A42282 /* ES2Renderer.mm in Sources */ = {isa = PBXBuildFile; fileRef = 2514C27010084DB100A42282 /* ES2Renderer.mm */; };
		28AD733F0D9D9553002E5188 /* MainWindow.xib in Resources */ = {isa = PBXBuildFile; fileRef = 28AD733E0D9D9553002E5188 /* MainWindow.xib */; };
		28FD14FE0DC6FC130079059D /* EAGLView.mm in Sources */ = {isa = PBXBuildFile; fileRef = 28FD14FD0DC6FC130079059D /* EAGLView.mm */; };
		28FD15000DC6FC520079059D /* OpenGLES.framework in Frameworks */ = {isa = PBXBuildFile; fileRef = 28FD14FF0DC6FC520079059D /* OpenGLES.framework */; };
		28FD15080DC6FC5B0079059D /* QuartzCore.framework in Frameworks */ = {isa = PBXBuildFile; fileRef = 28FD15070DC6FC5B0079059D /* QuartzCore.framework */; };
		43006996140842770050DA06 /* GLViewController.m in Sources */ = {isa = PBXBuildFile; fileRef = 43006995140842770050DA06 /* GLViewController.m */; };
		431FC64E1408B7A5006B9246 /* TitleBarViewContainer.m in Sources */ = {isa = PBXBuildFile; fileRef = 431FC64C1408B7A5006B9246 /* TitleBarViewContainer.m */; };
		431FC64F1408B7A5006B9246 /* TitleBarViewContainer.xib in Resources */ = {isa = PBXBuildFile; fileRef = 431FC64D1408B7A5006B9246 /* TitleBarViewContainer.xib */; };
		432A52191495B6D50010EB71 /* libvesShaders.a in Frameworks */ = {isa = PBXBuildFile; fileRef = 432A52181495B6D50010EB71 /* libvesShaders.a */; };
		432DE16D13D15E1C000F8EC0 /* libves.a in Frameworks */ = {isa = PBXBuildFile; fileRef = 432DE16C13D15E1C000F8EC0 /* libves.a */; };
		435026EF140E93C9000C315D /* caffeine.pdb in Resources */ = {isa = PBXBuildFile; fileRef = 435026ED140E93C9000C315D /* caffeine.pdb */; };
		436B34B413C802D500C5726C /* Default-Landscape~ipad.png in Resources */ = {isa = PBXBuildFile; fileRef = 436B34AF13C802D500C5726C /* Default-Landscape~ipad.png */; };
		436B34B513C802D500C5726C /* Default-Portrait~ipad.png in Resources */ = {isa = PBXBuildFile; fileRef = 436B34B013C802D500C5726C /* Default-Portrait~ipad.png */; };
		436B34B613C802D500C5726C /* icon.png in Resources */ = {isa = PBXBuildFile; fileRef = 436B34B113C802D500C5726C /* icon.png */; };
		436B34B713C802D500C5726C /* iTunesArtwork in Resources */ = {isa = PBXBuildFile; fileRef = 436B34B213C802D500C5726C /* iTunesArtwork */; };
		436B34B813C802D500C5726C /* Kiwi_Splash_72.png in Resources */ = {isa = PBXBuildFile; fileRef = 436B34B313C802D500C5726C /* Kiwi_Splash_72.png */; };
		436C94561533E5BA00682255 /* libvtkParallelCore-6.0.a in Frameworks */ = {isa = PBXBuildFile; fileRef = 436C94341533E5BA00682255 /* libvtkParallelCore-6.0.a */; };
		436C94571533E5BA00682255 /* libvtktiff-6.0.a in Frameworks */ = {isa = PBXBuildFile; fileRef = 436C94351533E5BA00682255 /* libvtktiff-6.0.a */; };
		436C94581533E5BA00682255 /* libvtkRenderingFreeType-6.0.a in Frameworks */ = {isa = PBXBuildFile; fileRef = 436C94361533E5BA00682255 /* libvtkRenderingFreeType-6.0.a */; };
		436C94591533E5BA00682255 /* libvtkRenderingCore-6.0.a in Frameworks */ = {isa = PBXBuildFile; fileRef = 436C94371533E5BA00682255 /* libvtkRenderingCore-6.0.a */; };
		436C945A1533E5BA00682255 /* libvtkFiltersModeling-6.0.a in Frameworks */ = {isa = PBXBuildFile; fileRef = 436C94381533E5BA00682255 /* libvtkFiltersModeling-6.0.a */; };
		436C945B1533E5BA00682255 /* libvtkFiltersExtraction-6.0.a in Frameworks */ = {isa = PBXBuildFile; fileRef = 436C94391533E5BA00682255 /* libvtkFiltersExtraction-6.0.a */; };
		436C945C1533E5BA00682255 /* libvtkFiltersSources-6.0.a in Frameworks */ = {isa = PBXBuildFile; fileRef = 436C943A1533E5BA00682255 /* libvtkFiltersSources-6.0.a */; };
		436C945D1533E5BA00682255 /* libvtkFiltersGeneral-6.0.a in Frameworks */ = {isa = PBXBuildFile; fileRef = 436C943B1533E5BA00682255 /* libvtkFiltersGeneral-6.0.a */; };
		436C945E1533E5BA00682255 /* libvtkFiltersGeometry-6.0.a in Frameworks */ = {isa = PBXBuildFile; fileRef = 436C943C1533E5BA00682255 /* libvtkFiltersGeometry-6.0.a */; };
		436C945F1533E5BA00682255 /* libvtkFiltersCore-6.0.a in Frameworks */ = {isa = PBXBuildFile; fileRef = 436C943D1533E5BA00682255 /* libvtkFiltersCore-6.0.a */; };
		436C94601533E5BA00682255 /* libvtkIOXML-6.0.a in Frameworks */ = {isa = PBXBuildFile; fileRef = 436C943E1533E5BA00682255 /* libvtkIOXML-6.0.a */; };
		436C94611533E5BA00682255 /* libvtkIOImage-6.0.a in Frameworks */ = {isa = PBXBuildFile; fileRef = 436C943F1533E5BA00682255 /* libvtkIOImage-6.0.a */; };
		436C94621533E5BA00682255 /* libvtkIOPLY-6.0.a in Frameworks */ = {isa = PBXBuildFile; fileRef = 436C94401533E5BA00682255 /* libvtkIOPLY-6.0.a */; };
		436C94631533E5BA00682255 /* libvtkIOGeometry-6.0.a in Frameworks */ = {isa = PBXBuildFile; fileRef = 436C94411533E5BA00682255 /* libvtkIOGeometry-6.0.a */; };
		436C94641533E5BA00682255 /* libvtkImagingCore-6.0.a in Frameworks */ = {isa = PBXBuildFile; fileRef = 436C94421533E5BA00682255 /* libvtkImagingCore-6.0.a */; };
		436C94651533E5BA00682255 /* libvtkIOCore-6.0.a in Frameworks */ = {isa = PBXBuildFile; fileRef = 436C94431533E5BA00682255 /* libvtkIOCore-6.0.a */; };
		436C94671533E5BA00682255 /* libvtkCommonExecutionModel-6.0.a in Frameworks */ = {isa = PBXBuildFile; fileRef = 436C94451533E5BA00682255 /* libvtkCommonExecutionModel-6.0.a */; };
		436C94681533E5BA00682255 /* libvtkCommonComputationalGeometry-6.0.a in Frameworks */ = {isa = PBXBuildFile; fileRef = 436C94461533E5BA00682255 /* libvtkCommonComputationalGeometry-6.0.a */; };
		436C94691533E5BA00682255 /* libvtkCommonDataModel-6.0.a in Frameworks */ = {isa = PBXBuildFile; fileRef = 436C94471533E5BA00682255 /* libvtkCommonDataModel-6.0.a */; };
		436C946A1533E5BA00682255 /* libvtkCommonMisc-6.0.a in Frameworks */ = {isa = PBXBuildFile; fileRef = 436C94481533E5BA00682255 /* libvtkCommonMisc-6.0.a */; };
		436C946B1533E5BA00682255 /* libvtkCommonTransforms-6.0.a in Frameworks */ = {isa = PBXBuildFile; fileRef = 436C94491533E5BA00682255 /* libvtkCommonTransforms-6.0.a */; };
		436C946C1533E5BA00682255 /* libvtkCommonSystem-6.0.a in Frameworks */ = {isa = PBXBuildFile; fileRef = 436C944A1533E5BA00682255 /* libvtkCommonSystem-6.0.a */; };
		436C946D1533E5BA00682255 /* libvtkCommonMath-6.0.a in Frameworks */ = {isa = PBXBuildFile; fileRef = 436C944B1533E5BA00682255 /* libvtkCommonMath-6.0.a */; };
		436C946E1533E5BA00682255 /* libvtkCommonCore-6.0.a in Frameworks */ = {isa = PBXBuildFile; fileRef = 436C944C1533E5BA00682255 /* libvtkCommonCore-6.0.a */; };
		436C946F1533E5BA00682255 /* libvtkfreetype-6.0.a in Frameworks */ = {isa = PBXBuildFile; fileRef = 436C944D1533E5BA00682255 /* libvtkfreetype-6.0.a */; };
		436C94701533E5BA00682255 /* libvtkexpat-6.0.a in Frameworks */ = {isa = PBXBuildFile; fileRef = 436C944E1533E5BA00682255 /* libvtkexpat-6.0.a */; };
		436C94711533E5BA00682255 /* libvtkoggtheora-6.0.a in Frameworks */ = {isa = PBXBuildFile; fileRef = 436C944F1533E5BA00682255 /* libvtkoggtheora-6.0.a */; };
		436C94721533E5BA00682255 /* libvtkpng-6.0.a in Frameworks */ = {isa = PBXBuildFile; fileRef = 436C94501533E5BA00682255 /* libvtkpng-6.0.a */; };
		436C94731533E5BA00682255 /* libvtkmetaio-6.0.a in Frameworks */ = {isa = PBXBuildFile; fileRef = 436C94511533E5BA00682255 /* libvtkmetaio-6.0.a */; };
		436C94741533E5BA00682255 /* libvtkjpeg-6.0.a in Frameworks */ = {isa = PBXBuildFile; fileRef = 436C94521533E5BA00682255 /* libvtkjpeg-6.0.a */; };
		436C94751533E5BA00682255 /* libvtkzlib-6.0.a in Frameworks */ = {isa = PBXBuildFile; fileRef = 436C94531533E5BA00682255 /* libvtkzlib-6.0.a */; };
		436C94761533E5BA00682255 /* libvtksys-6.0.a in Frameworks */ = {isa = PBXBuildFile; fileRef = 436C94541533E5BA00682255 /* libvtksys-6.0.a */; };
		436C94771533E5BA00682255 /* libvtkDICOMParser-6.0.a in Frameworks */ = {isa = PBXBuildFile; fileRef = 436C94551533E5BA00682255 /* libvtkDICOMParser-6.0.a */; };
		437813A714E70DFC003E7931 /* cturtle.vtp in Resources */ = {isa = PBXBuildFile; fileRef = 437813A314E70DFC003E7931 /* cturtle.vtp */; };
		437813A814E70DFC003E7931 /* earth.jpg in Resources */ = {isa = PBXBuildFile; fileRef = 437813A414E70DFC003E7931 /* earth.jpg */; };
		437813AA14E70DFC003E7931 /* textured_sphere.vtp in Resources */ = {isa = PBXBuildFile; fileRef = 437813A614E70DFC003E7931 /* textured_sphere.vtp */; };
		43C1C1CE1410533A00A721F7 /* Default.png in Resources */ = {isa = PBXBuildFile; fileRef = 43C1C1CD1410533A00A721F7 /* Default.png */; };
		43E0526E1424014300FC4F02 /* head.vti in Resources */ = {isa = PBXBuildFile; fileRef = 43E0526D1424014300FC4F02 /* head.vti */; };
		43E58D9014299CC100D53D13 /* kiwi.png in Resources */ = {isa = PBXBuildFile; fileRef = 43E58D8F14299CC100D53D13 /* kiwi.png */; };
		43EB039814105402002F463B /* libkiwi.a in Frameworks */ = {isa = PBXBuildFile; fileRef = 43EB039714105402002F463B /* libkiwi.a */; };
		43FA5BE4141705FD00ECC80E /* kiwiAppDelegate.mm in Sources */ = {isa = PBXBuildFile; fileRef = 43FA5BE3141705FD00ECC80E /* kiwiAppDelegate.mm */; };
		453036EB1406A298003A861A /* InfoView.xib in Resources */ = {isa = PBXBuildFile; fileRef = 453036EA1406A298003A861A /* InfoView.xib */; };
		6F41B5C01360C0CA00D0079D /* InfoView.m in Sources */ = {isa = PBXBuildFile; fileRef = 6F41B5BE1360C0CA00D0079D /* InfoView.m */; };
		6F43A8AE138AC01D0053899E /* Kiwi_K.png in Resources */ = {isa = PBXBuildFile; fileRef = 6F43A8AD138AC01D0053899E /* Kiwi_K.png */; };
		6F5CF7A313103D7700BB1195 /* CoreGraphics.framework in Frameworks */ = {isa = PBXBuildFile; fileRef = 6F5CF7A213103D7700BB1195 /* CoreGraphics.framework */; };
		7027670513EC41640089945A /* teapot.vtp in Resources */ = {isa = PBXBuildFile; fileRef = 7027670413EC41640089945A /* teapot.vtp */; };
		7027670713EC41D30089945A /* bunny.vtp in Resources */ = {isa = PBXBuildFile; fileRef = 7027670613EC41D30089945A /* bunny.vtp */; };
		7027670B13EC439C0089945A /* visible-woman-hand.vtp in Resources */ = {isa = PBXBuildFile; fileRef = 7027670A13EC439C0089945A /* visible-woman-hand.vtp */; };
		7027670D13EC44DE0089945A /* AppendedKneeData.vtp in Resources */ = {isa = PBXBuildFile; fileRef = 7027670C13EC44DE0089945A /* AppendedKneeData.vtp */; };
		7027670F13EC45590089945A /* shuttle.vtp in Resources */ = {isa = PBXBuildFile; fileRef = 7027670E13EC45590089945A /* shuttle.vtp */; };
		7027671113EC46620089945A /* MountStHelen.vtp in Resources */ = {isa = PBXBuildFile; fileRef = 7027671013EC46620089945A /* MountStHelen.vtp */; };
		70398015138551CE00E579C2 /* LoadDataController.m in Sources */ = {isa = PBXBuildFile; fileRef = 70398014138551CE00E579C2 /* LoadDataController.m */; };
		706F0E4A138C691E00B575F4 /* fullscreen_32.png in Resources */ = {isa = PBXBuildFile; fileRef = 706F0E49138C691E00B575F4 /* fullscreen_32.png */; };
		706F0E4C138C693100B575F4 /* opendata_32.png in Resources */ = {isa = PBXBuildFile; fileRef = 706F0E4B138C693100B575F4 /* opendata_32.png */; };
		70BED43D14081092004D2731 /* Kiwi_Splash_57.png in Resources */ = {isa = PBXBuildFile; fileRef = 70BED43C14081092004D2731 /* Kiwi_Splash_57.png */; };
		70BED44514082CF2004D2731 /* Buckyball.vtp in Resources */ = {isa = PBXBuildFile; fileRef = 70BED44414082CF2004D2731 /* Buckyball.vtp */; };
		70BED44714082EB5004D2731 /* Kiwi_Splash_114.png in Resources */ = {isa = PBXBuildFile; fileRef = 70BED44614082EB5004D2731 /* Kiwi_Splash_114.png */; };
		70F2731E140F099100D1677C /* Default@2x.png in Resources */ = {isa = PBXBuildFile; fileRef = 70F2731D140F099100D1677C /* Default@2x.png */; };
/* End PBXBuildFile section */

/* Begin PBXFileReference section */
		1D30AB110D05D00D00671497 /* Foundation.framework */ = {isa = PBXFileReference; lastKnownFileType = wrapper.framework; name = Foundation.framework; path = System/Library/Frameworks/Foundation.framework; sourceTree = SDKROOT; };
		1D3623240D0F684500981E51 /* kiwiAppDelegate.h */ = {isa = PBXFileReference; fileEncoding = 4; lastKnownFileType = sourcecode.c.h; path = kiwiAppDelegate.h; sourceTree = "<group>"; };
		1D6058910D05DD3D006BFB54 /* kiwi.app */ = {isa = PBXFileReference; explicitFileType = wrapper.application; includeInIndex = 0; path = kiwi.app; sourceTree = BUILT_PRODUCTS_DIR; };
		1DF5F4DF0D08C38300B7A737 /* UIKit.framework */ = {isa = PBXFileReference; lastKnownFileType = wrapper.framework; name = UIKit.framework; path = System/Library/Frameworks/UIKit.framework; sourceTree = SDKROOT; };
		2514C26F10084DB100A42282 /* ES2Renderer.h */ = {isa = PBXFileReference; fileEncoding = 4; lastKnownFileType = sourcecode.c.h; path = ES2Renderer.h; sourceTree = "<group>"; };
		2514C27010084DB100A42282 /* ES2Renderer.mm */ = {isa = PBXFileReference; fileEncoding = 4; lastKnownFileType = sourcecode.cpp.objcpp; path = ES2Renderer.mm; sourceTree = "<group>"; };
		28AD733E0D9D9553002E5188 /* MainWindow.xib */ = {isa = PBXFileReference; lastKnownFileType = file.xib; path = MainWindow.xib; sourceTree = "<group>"; };
		28FD14FC0DC6FC130079059D /* EAGLView.h */ = {isa = PBXFileReference; explicitFileType = sourcecode.cpp.h; fileEncoding = 4; path = EAGLView.h; sourceTree = "<group>"; };
		28FD14FD0DC6FC130079059D /* EAGLView.mm */ = {isa = PBXFileReference; fileEncoding = 4; lastKnownFileType = sourcecode.cpp.objcpp; path = EAGLView.mm; sourceTree = "<group>"; };
		28FD14FF0DC6FC520079059D /* OpenGLES.framework */ = {isa = PBXFileReference; lastKnownFileType = wrapper.framework; name = OpenGLES.framework; path = System/Library/Frameworks/OpenGLES.framework; sourceTree = SDKROOT; };
		28FD15070DC6FC5B0079059D /* QuartzCore.framework */ = {isa = PBXFileReference; lastKnownFileType = wrapper.framework; name = QuartzCore.framework; path = System/Library/Frameworks/QuartzCore.framework; sourceTree = SDKROOT; };
		29B97316FDCFA39411CA2CEA /* main.m */ = {isa = PBXFileReference; fileEncoding = 4; lastKnownFileType = sourcecode.cpp.objcpp; path = main.m; sourceTree = "<group>"; };
		32CA4F630368D1EE00C91783 /* Kiwi-Prefix.pch */ = {isa = PBXFileReference; fileEncoding = 4; lastKnownFileType = sourcecode.c.h; path = "Kiwi-Prefix.pch"; sourceTree = "<group>"; };
		43006994140842770050DA06 /* GLViewController.h */ = {isa = PBXFileReference; fileEncoding = 4; lastKnownFileType = sourcecode.c.h; path = GLViewController.h; sourceTree = "<group>"; };
		43006995140842770050DA06 /* GLViewController.m */ = {isa = PBXFileReference; fileEncoding = 4; lastKnownFileType = sourcecode.c.objc; path = GLViewController.m; sourceTree = "<group>"; };
		431FC64B1408B7A5006B9246 /* TitleBarViewContainer.h */ = {isa = PBXFileReference; fileEncoding = 4; lastKnownFileType = sourcecode.c.h; path = TitleBarViewContainer.h; sourceTree = "<group>"; };
		431FC64C1408B7A5006B9246 /* TitleBarViewContainer.m */ = {isa = PBXFileReference; fileEncoding = 4; lastKnownFileType = sourcecode.c.objc; path = TitleBarViewContainer.m; sourceTree = "<group>"; };
		431FC64D1408B7A5006B9246 /* TitleBarViewContainer.xib */ = {isa = PBXFileReference; fileEncoding = 4; lastKnownFileType = file.xib; path = TitleBarViewContainer.xib; sourceTree = "<group>"; };
		432A52181495B6D50010EB71 /* libvesShaders.a */ = {isa = PBXFileReference; lastKnownFileType = archive.ar; name = libvesShaders.a; path = "../../../../build/CMakeExternals/Build/ves-ios-device/lib/libvesShaders.a"; sourceTree = "<group>"; };
		432DE16C13D15E1C000F8EC0 /* libves.a */ = {isa = PBXFileReference; lastKnownFileType = archive.ar; name = libves.a; path = "../CMakeBuild/build/CMakeExternals/Build/ves-ios-device/lib/libves.a"; sourceTree = "<group>"; };
		435026ED140E93C9000C315D /* caffeine.pdb */ = {isa = PBXFileReference; fileEncoding = 4; lastKnownFileType = text; path = caffeine.pdb; sourceTree = "<group>"; };
		436B34AF13C802D500C5726C /* Default-Landscape~ipad.png */ = {isa = PBXFileReference; lastKnownFileType = image.png; path = "Default-Landscape~ipad.png"; sourceTree = "<group>"; };
		436B34B013C802D500C5726C /* Default-Portrait~ipad.png */ = {isa = PBXFileReference; lastKnownFileType = image.png; path = "Default-Portrait~ipad.png"; sourceTree = "<group>"; };
		436B34B113C802D500C5726C /* icon.png */ = {isa = PBXFileReference; lastKnownFileType = image.png; path = icon.png; sourceTree = "<group>"; };
		436B34B213C802D500C5726C /* iTunesArtwork */ = {isa = PBXFileReference; lastKnownFileType = file; path = iTunesArtwork; sourceTree = "<group>"; };
		436B34B313C802D500C5726C /* Kiwi_Splash_72.png */ = {isa = PBXFileReference; lastKnownFileType = image.png; path = Kiwi_Splash_72.png; sourceTree = "<group>"; };
		436C94341533E5BA00682255 /* libvtkParallelCore-6.0.a */ = {isa = PBXFileReference; lastKnownFileType = archive.ar; name = "libvtkParallelCore-6.0.a"; path = "../../../../build/CMakeExternals/Build/vtk-ios-device/lib/libvtkParallelCore-6.0.a"; sourceTree = "<group>"; };
		436C94351533E5BA00682255 /* libvtktiff-6.0.a */ = {isa = PBXFileReference; lastKnownFileType = archive.ar; name = "libvtktiff-6.0.a"; path = "../../../../build/CMakeExternals/Build/vtk-ios-device/lib/libvtktiff-6.0.a"; sourceTree = "<group>"; };
		436C94361533E5BA00682255 /* libvtkRenderingFreeType-6.0.a */ = {isa = PBXFileReference; lastKnownFileType = archive.ar; name = "libvtkRenderingFreeType-6.0.a"; path = "../../../../build/CMakeExternals/Build/vtk-ios-device/lib/libvtkRenderingFreeType-6.0.a"; sourceTree = "<group>"; };
		436C94371533E5BA00682255 /* libvtkRenderingCore-6.0.a */ = {isa = PBXFileReference; lastKnownFileType = archive.ar; name = "libvtkRenderingCore-6.0.a"; path = "../../../../build/CMakeExternals/Build/vtk-ios-device/lib/libvtkRenderingCore-6.0.a"; sourceTree = "<group>"; };
		436C94381533E5BA00682255 /* libvtkFiltersModeling-6.0.a */ = {isa = PBXFileReference; lastKnownFileType = archive.ar; name = "libvtkFiltersModeling-6.0.a"; path = "../../../../build/CMakeExternals/Build/vtk-ios-device/lib/libvtkFiltersModeling-6.0.a"; sourceTree = "<group>"; };
		436C94391533E5BA00682255 /* libvtkFiltersExtraction-6.0.a */ = {isa = PBXFileReference; lastKnownFileType = archive.ar; name = "libvtkFiltersExtraction-6.0.a"; path = "../../../../build/CMakeExternals/Build/vtk-ios-device/lib/libvtkFiltersExtraction-6.0.a"; sourceTree = "<group>"; };
		436C943A1533E5BA00682255 /* libvtkFiltersSources-6.0.a */ = {isa = PBXFileReference; lastKnownFileType = archive.ar; name = "libvtkFiltersSources-6.0.a"; path = "../../../../build/CMakeExternals/Build/vtk-ios-device/lib/libvtkFiltersSources-6.0.a"; sourceTree = "<group>"; };
		436C943B1533E5BA00682255 /* libvtkFiltersGeneral-6.0.a */ = {isa = PBXFileReference; lastKnownFileType = archive.ar; name = "libvtkFiltersGeneral-6.0.a"; path = "../../../../build/CMakeExternals/Build/vtk-ios-device/lib/libvtkFiltersGeneral-6.0.a"; sourceTree = "<group>"; };
		436C943C1533E5BA00682255 /* libvtkFiltersGeometry-6.0.a */ = {isa = PBXFileReference; lastKnownFileType = archive.ar; name = "libvtkFiltersGeometry-6.0.a"; path = "../../../../build/CMakeExternals/Build/vtk-ios-device/lib/libvtkFiltersGeometry-6.0.a"; sourceTree = "<group>"; };
		436C943D1533E5BA00682255 /* libvtkFiltersCore-6.0.a */ = {isa = PBXFileReference; lastKnownFileType = archive.ar; name = "libvtkFiltersCore-6.0.a"; path = "../../../../build/CMakeExternals/Build/vtk-ios-device/lib/libvtkFiltersCore-6.0.a"; sourceTree = "<group>"; };
		436C943E1533E5BA00682255 /* libvtkIOXML-6.0.a */ = {isa = PBXFileReference; lastKnownFileType = archive.ar; name = "libvtkIOXML-6.0.a"; path = "../../../../build/CMakeExternals/Build/vtk-ios-device/lib/libvtkIOXML-6.0.a"; sourceTree = "<group>"; };
		436C943F1533E5BA00682255 /* libvtkIOImage-6.0.a */ = {isa = PBXFileReference; lastKnownFileType = archive.ar; name = "libvtkIOImage-6.0.a"; path = "../../../../build/CMakeExternals/Build/vtk-ios-device/lib/libvtkIOImage-6.0.a"; sourceTree = "<group>"; };
		436C94401533E5BA00682255 /* libvtkIOPLY-6.0.a */ = {isa = PBXFileReference; lastKnownFileType = archive.ar; name = "libvtkIOPLY-6.0.a"; path = "../../../../build/CMakeExternals/Build/vtk-ios-device/lib/libvtkIOPLY-6.0.a"; sourceTree = "<group>"; };
		436C94411533E5BA00682255 /* libvtkIOGeometry-6.0.a */ = {isa = PBXFileReference; lastKnownFileType = archive.ar; name = "libvtkIOGeometry-6.0.a"; path = "../../../../build/CMakeExternals/Build/vtk-ios-device/lib/libvtkIOGeometry-6.0.a"; sourceTree = "<group>"; };
		436C94421533E5BA00682255 /* libvtkImagingCore-6.0.a */ = {isa = PBXFileReference; lastKnownFileType = archive.ar; name = "libvtkImagingCore-6.0.a"; path = "../../../../build/CMakeExternals/Build/vtk-ios-device/lib/libvtkImagingCore-6.0.a"; sourceTree = "<group>"; };
		436C94431533E5BA00682255 /* libvtkIOCore-6.0.a */ = {isa = PBXFileReference; lastKnownFileType = archive.ar; name = "libvtkIOCore-6.0.a"; path = "../../../../build/CMakeExternals/Build/vtk-ios-device/lib/libvtkIOCore-6.0.a"; sourceTree = "<group>"; };
		436C94451533E5BA00682255 /* libvtkCommonExecutionModel-6.0.a */ = {isa = PBXFileReference; lastKnownFileType = archive.ar; name = "libvtkCommonExecutionModel-6.0.a"; path = "../../../../build/CMakeExternals/Build/vtk-ios-device/lib/libvtkCommonExecutionModel-6.0.a"; sourceTree = "<group>"; };
		436C94461533E5BA00682255 /* libvtkCommonComputationalGeometry-6.0.a */ = {isa = PBXFileReference; lastKnownFileType = archive.ar; name = "libvtkCommonComputationalGeometry-6.0.a"; path = "../../../../build/CMakeExternals/Build/vtk-ios-device/lib/libvtkCommonComputationalGeometry-6.0.a"; sourceTree = "<group>"; };
		436C94471533E5BA00682255 /* libvtkCommonDataModel-6.0.a */ = {isa = PBXFileReference; lastKnownFileType = archive.ar; name = "libvtkCommonDataModel-6.0.a"; path = "../../../../build/CMakeExternals/Build/vtk-ios-device/lib/libvtkCommonDataModel-6.0.a"; sourceTree = "<group>"; };
		436C94481533E5BA00682255 /* libvtkCommonMisc-6.0.a */ = {isa = PBXFileReference; lastKnownFileType = archive.ar; name = "libvtkCommonMisc-6.0.a"; path = "../../../../build/CMakeExternals/Build/vtk-ios-device/lib/libvtkCommonMisc-6.0.a"; sourceTree = "<group>"; };
		436C94491533E5BA00682255 /* libvtkCommonTransforms-6.0.a */ = {isa = PBXFileReference; lastKnownFileType = archive.ar; name = "libvtkCommonTransforms-6.0.a"; path = "../../../../build/CMakeExternals/Build/vtk-ios-device/lib/libvtkCommonTransforms-6.0.a"; sourceTree = "<group>"; };
		436C944A1533E5BA00682255 /* libvtkCommonSystem-6.0.a */ = {isa = PBXFileReference; lastKnownFileType = archive.ar; name = "libvtkCommonSystem-6.0.a"; path = "../../../../build/CMakeExternals/Build/vtk-ios-device/lib/libvtkCommonSystem-6.0.a"; sourceTree = "<group>"; };
		436C944B1533E5BA00682255 /* libvtkCommonMath-6.0.a */ = {isa = PBXFileReference; lastKnownFileType = archive.ar; name = "libvtkCommonMath-6.0.a"; path = "../../../../build/CMakeExternals/Build/vtk-ios-device/lib/libvtkCommonMath-6.0.a"; sourceTree = "<group>"; };
		436C944C1533E5BA00682255 /* libvtkCommonCore-6.0.a */ = {isa = PBXFileReference; lastKnownFileType = archive.ar; name = "libvtkCommonCore-6.0.a"; path = "../../../../build/CMakeExternals/Build/vtk-ios-device/lib/libvtkCommonCore-6.0.a"; sourceTree = "<group>"; };
		436C944D1533E5BA00682255 /* libvtkfreetype-6.0.a */ = {isa = PBXFileReference; lastKnownFileType = archive.ar; name = "libvtkfreetype-6.0.a"; path = "../../../../build/CMakeExternals/Build/vtk-ios-device/lib/libvtkfreetype-6.0.a"; sourceTree = "<group>"; };
		436C944E1533E5BA00682255 /* libvtkexpat-6.0.a */ = {isa = PBXFileReference; lastKnownFileType = archive.ar; name = "libvtkexpat-6.0.a"; path = "../../../../build/CMakeExternals/Build/vtk-ios-device/lib/libvtkexpat-6.0.a"; sourceTree = "<group>"; };
		436C944F1533E5BA00682255 /* libvtkoggtheora-6.0.a */ = {isa = PBXFileReference; lastKnownFileType = archive.ar; name = "libvtkoggtheora-6.0.a"; path = "../../../../build/CMakeExternals/Build/vtk-ios-device/lib/libvtkoggtheora-6.0.a"; sourceTree = "<group>"; };
		436C94501533E5BA00682255 /* libvtkpng-6.0.a */ = {isa = PBXFileReference; lastKnownFileType = archive.ar; name = "libvtkpng-6.0.a"; path = "../../../../build/CMakeExternals/Build/vtk-ios-device/lib/libvtkpng-6.0.a"; sourceTree = "<group>"; };
		436C94511533E5BA00682255 /* libvtkmetaio-6.0.a */ = {isa = PBXFileReference; lastKnownFileType = archive.ar; name = "libvtkmetaio-6.0.a"; path = "../../../../build/CMakeExternals/Build/vtk-ios-device/lib/libvtkmetaio-6.0.a"; sourceTree = "<group>"; };
		436C94521533E5BA00682255 /* libvtkjpeg-6.0.a */ = {isa = PBXFileReference; lastKnownFileType = archive.ar; name = "libvtkjpeg-6.0.a"; path = "../../../../build/CMakeExternals/Build/vtk-ios-device/lib/libvtkjpeg-6.0.a"; sourceTree = "<group>"; };
		436C94531533E5BA00682255 /* libvtkzlib-6.0.a */ = {isa = PBXFileReference; lastKnownFileType = archive.ar; name = "libvtkzlib-6.0.a"; path = "../../../../build/CMakeExternals/Build/vtk-ios-device/lib/libvtkzlib-6.0.a"; sourceTree = "<group>"; };
		436C94541533E5BA00682255 /* libvtksys-6.0.a */ = {isa = PBXFileReference; lastKnownFileType = archive.ar; name = "libvtksys-6.0.a"; path = "../../../../build/CMakeExternals/Build/vtk-ios-device/lib/libvtksys-6.0.a"; sourceTree = "<group>"; };
		436C94551533E5BA00682255 /* libvtkDICOMParser-6.0.a */ = {isa = PBXFileReference; lastKnownFileType = archive.ar; name = "libvtkDICOMParser-6.0.a"; path = "../../../../build/CMakeExternals/Build/vtk-ios-device/lib/libvtkDICOMParser-6.0.a"; sourceTree = "<group>"; };
		437813A314E70DFC003E7931 /* cturtle.vtp */ = {isa = PBXFileReference; fileEncoding = 4; lastKnownFileType = text; path = cturtle.vtp; sourceTree = "<group>"; };
		437813A414E70DFC003E7931 /* earth.jpg */ = {isa = PBXFileReference; lastKnownFileType = image.jpeg; path = earth.jpg; sourceTree = "<group>"; };
		437813A614E70DFC003E7931 /* textured_sphere.vtp */ = {isa = PBXFileReference; fileEncoding = 4; lastKnownFileType = text; path = textured_sphere.vtp; sourceTree = "<group>"; };
		43C1C1CD1410533A00A721F7 /* Default.png */ = {isa = PBXFileReference; lastKnownFileType = image.png; path = Default.png; sourceTree = "<group>"; };
		43E0526D1424014300FC4F02 /* head.vti */ = {isa = PBXFileReference; lastKnownFileType = file; path = head.vti; sourceTree = "<group>"; };
		43E58D8F14299CC100D53D13 /* kiwi.png */ = {isa = PBXFileReference; lastKnownFileType = image.png; path = kiwi.png; sourceTree = "<group>"; };
		43EB039714105402002F463B /* libkiwi.a */ = {isa = PBXFileReference; lastKnownFileType = archive.ar; name = libkiwi.a; path = "../CMakeBuild/build/CMakeExternals/Build/ves-ios-device/lib/libkiwi.a"; sourceTree = "<group>"; };
		43F0A7A21448D1E500A8CE8D /* kiwi.xcconfig */ = {isa = PBXFileReference; fileEncoding = 4; lastKnownFileType = text.xcconfig; path = kiwi.xcconfig; sourceTree = "<group>"; };
		43FA5BE3141705FD00ECC80E /* kiwiAppDelegate.mm */ = {isa = PBXFileReference; fileEncoding = 4; lastKnownFileType = sourcecode.cpp.objcpp; path = kiwiAppDelegate.mm; sourceTree = "<group>"; };
		453036EA1406A298003A861A /* InfoView.xib */ = {isa = PBXFileReference; fileEncoding = 4; lastKnownFileType = file.xib; path = InfoView.xib; sourceTree = "<group>"; };
		6F41B5BD1360C0C900D0079D /* InfoView.h */ = {isa = PBXFileReference; fileEncoding = 4; lastKnownFileType = sourcecode.c.h; path = InfoView.h; sourceTree = "<group>"; };
		6F41B5BE1360C0CA00D0079D /* InfoView.m */ = {isa = PBXFileReference; fileEncoding = 4; lastKnownFileType = sourcecode.c.objc; path = InfoView.m; sourceTree = "<group>"; };
		6F43A8AD138AC01D0053899E /* Kiwi_K.png */ = {isa = PBXFileReference; lastKnownFileType = image.png; path = Kiwi_K.png; sourceTree = "<group>"; };
		6F5CF7A213103D7700BB1195 /* CoreGraphics.framework */ = {isa = PBXFileReference; lastKnownFileType = wrapper.framework; name = CoreGraphics.framework; path = System/Library/Frameworks/CoreGraphics.framework; sourceTree = SDKROOT; };
		7027670413EC41640089945A /* teapot.vtp */ = {isa = PBXFileReference; fileEncoding = 4; lastKnownFileType = text; path = teapot.vtp; sourceTree = "<group>"; };
		7027670613EC41D30089945A /* bunny.vtp */ = {isa = PBXFileReference; fileEncoding = 4; lastKnownFileType = text; path = bunny.vtp; sourceTree = "<group>"; };
		7027670A13EC439C0089945A /* visible-woman-hand.vtp */ = {isa = PBXFileReference; fileEncoding = 4; lastKnownFileType = text; path = "visible-woman-hand.vtp"; sourceTree = "<group>"; };
		7027670C13EC44DE0089945A /* AppendedKneeData.vtp */ = {isa = PBXFileReference; fileEncoding = 4; lastKnownFileType = text; path = AppendedKneeData.vtp; sourceTree = "<group>"; };
		7027670E13EC45590089945A /* shuttle.vtp */ = {isa = PBXFileReference; fileEncoding = 4; lastKnownFileType = text; path = shuttle.vtp; sourceTree = "<group>"; };
		7027671013EC46620089945A /* MountStHelen.vtp */ = {isa = PBXFileReference; fileEncoding = 4; lastKnownFileType = text; path = MountStHelen.vtp; sourceTree = "<group>"; };
		70398013138551CE00E579C2 /* LoadDataController.h */ = {isa = PBXFileReference; fileEncoding = 4; lastKnownFileType = sourcecode.c.h; path = LoadDataController.h; sourceTree = "<group>"; };
		70398014138551CE00E579C2 /* LoadDataController.m */ = {isa = PBXFileReference; fileEncoding = 4; lastKnownFileType = sourcecode.c.objc; path = LoadDataController.m; sourceTree = "<group>"; };
		706F0E49138C691E00B575F4 /* fullscreen_32.png */ = {isa = PBXFileReference; lastKnownFileType = image.png; path = fullscreen_32.png; sourceTree = "<group>"; };
		706F0E4B138C693100B575F4 /* opendata_32.png */ = {isa = PBXFileReference; lastKnownFileType = image.png; path = opendata_32.png; sourceTree = "<group>"; };
		70BED43C14081092004D2731 /* Kiwi_Splash_57.png */ = {isa = PBXFileReference; lastKnownFileType = image.png; path = Kiwi_Splash_57.png; sourceTree = "<group>"; };
		70BED44414082CF2004D2731 /* Buckyball.vtp */ = {isa = PBXFileReference; fileEncoding = 4; lastKnownFileType = text; path = Buckyball.vtp; sourceTree = "<group>"; };
		70BED44614082EB5004D2731 /* Kiwi_Splash_114.png */ = {isa = PBXFileReference; lastKnownFileType = image.png; path = Kiwi_Splash_114.png; sourceTree = "<group>"; };
		70F2731D140F099100D1677C /* Default@2x.png */ = {isa = PBXFileReference; lastKnownFileType = image.png; path = "Default@2x.png"; sourceTree = "<group>"; };
		8D1107310486CEB800E47090 /* Kiwi-Info.plist */ = {isa = PBXFileReference; fileEncoding = 4; lastKnownFileType = text.plist.xml; path = "Kiwi-Info.plist"; plistStructureDefinitionIdentifier = "com.apple.xcode.plist.structure-definition.iphone.info-plist"; sourceTree = "<group>"; };
/* End PBXFileReference section */

/* Begin PBXFrameworksBuildPhase section */
		1D60588F0D05DD3D006BFB54 /* Frameworks */ = {
			isa = PBXFrameworksBuildPhase;
			buildActionMask = 2147483647;
			files = (
				432DE16D13D15E1C000F8EC0 /* libves.a in Frameworks */,
				1D60589F0D05DD5A006BFB54 /* Foundation.framework in Frameworks */,
				1DF5F4E00D08C38300B7A737 /* UIKit.framework in Frameworks */,
				28FD15000DC6FC520079059D /* OpenGLES.framework in Frameworks */,
				28FD15080DC6FC5B0079059D /* QuartzCore.framework in Frameworks */,
				6F5CF7A313103D7700BB1195 /* CoreGraphics.framework in Frameworks */,
				43EB039814105402002F463B /* libkiwi.a in Frameworks */,
				432A52191495B6D50010EB71 /* libvesShaders.a in Frameworks */,
				436C94561533E5BA00682255 /* libvtkParallelCore-6.0.a in Frameworks */,
				436C94571533E5BA00682255 /* libvtktiff-6.0.a in Frameworks */,
				436C94581533E5BA00682255 /* libvtkRenderingFreeType-6.0.a in Frameworks */,
				436C94591533E5BA00682255 /* libvtkRenderingCore-6.0.a in Frameworks */,
				436C945A1533E5BA00682255 /* libvtkFiltersModeling-6.0.a in Frameworks */,
				436C945B1533E5BA00682255 /* libvtkFiltersExtraction-6.0.a in Frameworks */,
				436C945C1533E5BA00682255 /* libvtkFiltersSources-6.0.a in Frameworks */,
				436C945D1533E5BA00682255 /* libvtkFiltersGeneral-6.0.a in Frameworks */,
				436C945E1533E5BA00682255 /* libvtkFiltersGeometry-6.0.a in Frameworks */,
				436C945F1533E5BA00682255 /* libvtkFiltersCore-6.0.a in Frameworks */,
				436C94601533E5BA00682255 /* libvtkIOXML-6.0.a in Frameworks */,
				436C94611533E5BA00682255 /* libvtkIOImage-6.0.a in Frameworks */,
				436C94621533E5BA00682255 /* libvtkIOPLY-6.0.a in Frameworks */,
				436C94631533E5BA00682255 /* libvtkIOGeometry-6.0.a in Frameworks */,
				436C94641533E5BA00682255 /* libvtkImagingCore-6.0.a in Frameworks */,
				436C94651533E5BA00682255 /* libvtkIOCore-6.0.a in Frameworks */,
				436C94671533E5BA00682255 /* libvtkCommonExecutionModel-6.0.a in Frameworks */,
				436C94681533E5BA00682255 /* libvtkCommonComputationalGeometry-6.0.a in Frameworks */,
				436C94691533E5BA00682255 /* libvtkCommonDataModel-6.0.a in Frameworks */,
				436C946A1533E5BA00682255 /* libvtkCommonMisc-6.0.a in Frameworks */,
				436C946B1533E5BA00682255 /* libvtkCommonTransforms-6.0.a in Frameworks */,
				436C946C1533E5BA00682255 /* libvtkCommonSystem-6.0.a in Frameworks */,
				436C946D1533E5BA00682255 /* libvtkCommonMath-6.0.a in Frameworks */,
				436C946E1533E5BA00682255 /* libvtkCommonCore-6.0.a in Frameworks */,
				436C946F1533E5BA00682255 /* libvtkfreetype-6.0.a in Frameworks */,
				436C94701533E5BA00682255 /* libvtkexpat-6.0.a in Frameworks */,
				436C94711533E5BA00682255 /* libvtkoggtheora-6.0.a in Frameworks */,
				436C94721533E5BA00682255 /* libvtkpng-6.0.a in Frameworks */,
				436C94731533E5BA00682255 /* libvtkmetaio-6.0.a in Frameworks */,
				436C94741533E5BA00682255 /* libvtkjpeg-6.0.a in Frameworks */,
				436C94751533E5BA00682255 /* libvtkzlib-6.0.a in Frameworks */,
				436C94761533E5BA00682255 /* libvtksys-6.0.a in Frameworks */,
				436C94771533E5BA00682255 /* libvtkDICOMParser-6.0.a in Frameworks */,
			);
			runOnlyForDeploymentPostprocessing = 0;
		};
/* End PBXFrameworksBuildPhase section */

/* Begin PBXGroup section */
		080E96DDFE201D6D7F000001 /* Kiwi */ = {
			isa = PBXGroup;
			children = (
				70398013138551CE00E579C2 /* LoadDataController.h */,
				70398014138551CE00E579C2 /* LoadDataController.m */,
				2514C26F10084DB100A42282 /* ES2Renderer.h */,
				2514C27010084DB100A42282 /* ES2Renderer.mm */,
				28FD14FC0DC6FC130079059D /* EAGLView.h */,
				28FD14FD0DC6FC130079059D /* EAGLView.mm */,
				1D3623240D0F684500981E51 /* kiwiAppDelegate.h */,
				43FA5BE3141705FD00ECC80E /* kiwiAppDelegate.mm */,
				6F41B5BD1360C0C900D0079D /* InfoView.h */,
				6F41B5BE1360C0CA00D0079D /* InfoView.m */,
				453036EA1406A298003A861A /* InfoView.xib */,
				28AD733E0D9D9553002E5188 /* MainWindow.xib */,
				6F25E6F3137D8B5600BF4BCA /* Supporting Files */,
				43006994140842770050DA06 /* GLViewController.h */,
				43006995140842770050DA06 /* GLViewController.m */,
				431FC64B1408B7A5006B9246 /* TitleBarViewContainer.h */,
				431FC64C1408B7A5006B9246 /* TitleBarViewContainer.m */,
				431FC64D1408B7A5006B9246 /* TitleBarViewContainer.xib */,
			);
			path = Kiwi;
			sourceTree = "<group>";
		};
		19C28FACFE9D520D11CA2CBB /* Products */ = {
			isa = PBXGroup;
			children = (
				1D6058910D05DD3D006BFB54 /* kiwi.app */,
			);
			name = Products;
			sourceTree = "<group>";
		};
		29B97314FDCFA39411CA2CEA /* CustomTemplate */ = {
			isa = PBXGroup;
			children = (
				080E96DDFE201D6D7F000001 /* Kiwi */,
				6F25E6F2137D88DD00BF4BCA /* Data */,
				6F25E6F0137D86C700BF4BCA /* Images */,
				29B97323FDCFA39411CA2CEA /* Frameworks */,
				19C28FACFE9D520D11CA2CBB /* Products */,
			);
			name = CustomTemplate;
			sourceTree = "<group>";
		};
		29B97323FDCFA39411CA2CEA /* Frameworks */ = {
			isa = PBXGroup;
			children = (
				432DE16F13D15EA6000F8EC0 /* ves libs */,
				432DE16E13D15E8C000F8EC0 /* vtk libs */,
				6F5CF7A213103D7700BB1195 /* CoreGraphics.framework */,
				28FD15070DC6FC5B0079059D /* QuartzCore.framework */,
				28FD14FF0DC6FC520079059D /* OpenGLES.framework */,
				1DF5F4DF0D08C38300B7A737 /* UIKit.framework */,
				1D30AB110D05D00D00671497 /* Foundation.framework */,
			);
			name = Frameworks;
			sourceTree = "<group>";
		};
		432DE16E13D15E8C000F8EC0 /* vtk libs */ = {
			isa = PBXGroup;
			children = (
				436C94341533E5BA00682255 /* libvtkParallelCore-6.0.a */,
				436C94351533E5BA00682255 /* libvtktiff-6.0.a */,
				436C94361533E5BA00682255 /* libvtkRenderingFreeType-6.0.a */,
				436C94371533E5BA00682255 /* libvtkRenderingCore-6.0.a */,
				436C94381533E5BA00682255 /* libvtkFiltersModeling-6.0.a */,
				436C94391533E5BA00682255 /* libvtkFiltersExtraction-6.0.a */,
				436C943A1533E5BA00682255 /* libvtkFiltersSources-6.0.a */,
				436C943B1533E5BA00682255 /* libvtkFiltersGeneral-6.0.a */,
				436C943C1533E5BA00682255 /* libvtkFiltersGeometry-6.0.a */,
				436C943D1533E5BA00682255 /* libvtkFiltersCore-6.0.a */,
				436C943E1533E5BA00682255 /* libvtkIOXML-6.0.a */,
				436C943F1533E5BA00682255 /* libvtkIOImage-6.0.a */,
				436C94401533E5BA00682255 /* libvtkIOPLY-6.0.a */,
				436C94411533E5BA00682255 /* libvtkIOGeometry-6.0.a */,
				436C94421533E5BA00682255 /* libvtkImagingCore-6.0.a */,
				436C94431533E5BA00682255 /* libvtkIOCore-6.0.a */,
				436C94451533E5BA00682255 /* libvtkCommonExecutionModel-6.0.a */,
				436C94461533E5BA00682255 /* libvtkCommonComputationalGeometry-6.0.a */,
				436C94471533E5BA00682255 /* libvtkCommonDataModel-6.0.a */,
				436C94481533E5BA00682255 /* libvtkCommonMisc-6.0.a */,
				436C94491533E5BA00682255 /* libvtkCommonTransforms-6.0.a */,
				436C944A1533E5BA00682255 /* libvtkCommonSystem-6.0.a */,
				436C944B1533E5BA00682255 /* libvtkCommonMath-6.0.a */,
				436C944C1533E5BA00682255 /* libvtkCommonCore-6.0.a */,
				436C944D1533E5BA00682255 /* libvtkfreetype-6.0.a */,
				436C944E1533E5BA00682255 /* libvtkexpat-6.0.a */,
				436C944F1533E5BA00682255 /* libvtkoggtheora-6.0.a */,
				436C94501533E5BA00682255 /* libvtkpng-6.0.a */,
				436C94511533E5BA00682255 /* libvtkmetaio-6.0.a */,
				436C94521533E5BA00682255 /* libvtkjpeg-6.0.a */,
				436C94531533E5BA00682255 /* libvtkzlib-6.0.a */,
				436C94541533E5BA00682255 /* libvtksys-6.0.a */,
				436C94551533E5BA00682255 /* libvtkDICOMParser-6.0.a */,
			);
			name = "vtk libs";
			sourceTree = "<group>";
		};
		432DE16F13D15EA6000F8EC0 /* ves libs */ = {
			isa = PBXGroup;
			children = (
				432A52181495B6D50010EB71 /* libvesShaders.a */,
				43EB039714105402002F463B /* libkiwi.a */,
				432DE16C13D15E1C000F8EC0 /* libves.a */,
			);
			name = "ves libs";
			sourceTree = "<group>";
		};
		6F25E6F0137D86C700BF4BCA /* Images */ = {
			isa = PBXGroup;
			children = (
				43C1C1CD1410533A00A721F7 /* Default.png */,
				436B34AF13C802D500C5726C /* Default-Landscape~ipad.png */,
				436B34B013C802D500C5726C /* Default-Portrait~ipad.png */,
				70F2731D140F099100D1677C /* Default@2x.png */,
				436B34B113C802D500C5726C /* icon.png */,
				436B34B213C802D500C5726C /* iTunesArtwork */,
				70BED43C14081092004D2731 /* Kiwi_Splash_57.png */,
				436B34B313C802D500C5726C /* Kiwi_Splash_72.png */,
				70BED44614082EB5004D2731 /* Kiwi_Splash_114.png */,
				706F0E4B138C693100B575F4 /* opendata_32.png */,
				706F0E49138C691E00B575F4 /* fullscreen_32.png */,
				6F43A8AD138AC01D0053899E /* Kiwi_K.png */,
			);
			name = Images;
			path = Kiwi/Images;
			sourceTree = "<group>";
		};
		6F25E6F2137D88DD00BF4BCA /* Data */ = {
			isa = PBXGroup;
			children = (
				437813A314E70DFC003E7931 /* cturtle.vtp */,
				437813A414E70DFC003E7931 /* earth.jpg */,
				437813A614E70DFC003E7931 /* textured_sphere.vtp */,
				43E58D8F14299CC100D53D13 /* kiwi.png */,
				43E0526D1424014300FC4F02 /* head.vti */,
				435026ED140E93C9000C315D /* caffeine.pdb */,
				7027671013EC46620089945A /* MountStHelen.vtp */,
				7027670E13EC45590089945A /* shuttle.vtp */,
				7027670C13EC44DE0089945A /* AppendedKneeData.vtp */,
				7027670A13EC439C0089945A /* visible-woman-hand.vtp */,
				7027670613EC41D30089945A /* bunny.vtp */,
				7027670413EC41640089945A /* teapot.vtp */,
				70BED44414082CF2004D2731 /* Buckyball.vtp */,
			);
			name = Data;
			path = Kiwi/Data;
			sourceTree = "<group>";
		};
		6F25E6F3137D8B5600BF4BCA /* Supporting Files */ = {
			isa = PBXGroup;
			children = (
				43F0A7A21448D1E500A8CE8D /* kiwi.xcconfig */,
				29B97316FDCFA39411CA2CEA /* main.m */,
				32CA4F630368D1EE00C91783 /* Kiwi-Prefix.pch */,
				8D1107310486CEB800E47090 /* Kiwi-Info.plist */,
			);
			name = "Supporting Files";
			sourceTree = "<group>";
		};
/* End PBXGroup section */

/* Begin PBXNativeTarget section */
		1D6058900D05DD3D006BFB54 /* kiwi */ = {
			isa = PBXNativeTarget;
			buildConfigurationList = 1D6058960D05DD3E006BFB54 /* Build configuration list for PBXNativeTarget "kiwi" */;
			buildPhases = (
				1D60588D0D05DD3D006BFB54 /* Resources */,
				1D60588E0D05DD3D006BFB54 /* Sources */,
				1D60588F0D05DD3D006BFB54 /* Frameworks */,
			);
			buildRules = (
			);
			dependencies = (
			);
			name = kiwi;
			productName = "ipad-demo";
			productReference = 1D6058910D05DD3D006BFB54 /* kiwi.app */;
			productType = "com.apple.product-type.application";
		};
/* End PBXNativeTarget section */

/* Begin PBXProject section */
		29B97313FDCFA39411CA2CEA /* Project object */ = {
			isa = PBXProject;
			attributes = {
				LastUpgradeCheck = 0420;
			};
			buildConfigurationList = C01FCF4E08A954540054247B /* Build configuration list for PBXProject "Kiwi" */;
			compatibilityVersion = "Xcode 3.2";
			developmentRegion = English;
			hasScannedForEncodings = 1;
			knownRegions = (
				English,
				Japanese,
				French,
				German,
			);
			mainGroup = 29B97314FDCFA39411CA2CEA /* CustomTemplate */;
			projectDirPath = "";
			projectRoot = "";
			targets = (
				1D6058900D05DD3D006BFB54 /* kiwi */,
			);
		};
/* End PBXProject section */

/* Begin PBXResourcesBuildPhase section */
		1D60588D0D05DD3D006BFB54 /* Resources */ = {
			isa = PBXResourcesBuildPhase;
			buildActionMask = 2147483647;
			files = (
				28AD733F0D9D9553002E5188 /* MainWindow.xib in Resources */,
				6F43A8AE138AC01D0053899E /* Kiwi_K.png in Resources */,
				706F0E4A138C691E00B575F4 /* fullscreen_32.png in Resources */,
				706F0E4C138C693100B575F4 /* opendata_32.png in Resources */,
				436B34B413C802D500C5726C /* Default-Landscape~ipad.png in Resources */,
				436B34B513C802D500C5726C /* Default-Portrait~ipad.png in Resources */,
				436B34B613C802D500C5726C /* icon.png in Resources */,
				436B34B713C802D500C5726C /* iTunesArtwork in Resources */,
				436B34B813C802D500C5726C /* Kiwi_Splash_72.png in Resources */,
				7027670513EC41640089945A /* teapot.vtp in Resources */,
				7027670713EC41D30089945A /* bunny.vtp in Resources */,
				7027670B13EC439C0089945A /* visible-woman-hand.vtp in Resources */,
				7027670D13EC44DE0089945A /* AppendedKneeData.vtp in Resources */,
				7027670F13EC45590089945A /* shuttle.vtp in Resources */,
				7027671113EC46620089945A /* MountStHelen.vtp in Resources */,
				453036EB1406A298003A861A /* InfoView.xib in Resources */,
				70BED43D14081092004D2731 /* Kiwi_Splash_57.png in Resources */,
				70BED44514082CF2004D2731 /* Buckyball.vtp in Resources */,
				70BED44714082EB5004D2731 /* Kiwi_Splash_114.png in Resources */,
				431FC64F1408B7A5006B9246 /* TitleBarViewContainer.xib in Resources */,
				435026EF140E93C9000C315D /* caffeine.pdb in Resources */,
				70F2731E140F099100D1677C /* Default@2x.png in Resources */,
				43C1C1CE1410533A00A721F7 /* Default.png in Resources */,
				43E0526E1424014300FC4F02 /* head.vti in Resources */,
				43E58D9014299CC100D53D13 /* kiwi.png in Resources */,
				437813A714E70DFC003E7931 /* cturtle.vtp in Resources */,
				437813A814E70DFC003E7931 /* earth.jpg in Resources */,
				437813AA14E70DFC003E7931 /* textured_sphere.vtp in Resources */,
			);
			runOnlyForDeploymentPostprocessing = 0;
		};
/* End PBXResourcesBuildPhase section */

/* Begin PBXSourcesBuildPhase section */
		1D60588E0D05DD3D006BFB54 /* Sources */ = {
			isa = PBXSourcesBuildPhase;
			buildActionMask = 2147483647;
			files = (
				1D60589B0D05DD56006BFB54 /* main.m in Sources */,
				28FD14FE0DC6FC130079059D /* EAGLView.mm in Sources */,
				2514C27310084DB100A42282 /* ES2Renderer.mm in Sources */,
				6F41B5C01360C0CA00D0079D /* InfoView.m in Sources */,
				70398015138551CE00E579C2 /* LoadDataController.m in Sources */,
				43006996140842770050DA06 /* GLViewController.m in Sources */,
				431FC64E1408B7A5006B9246 /* TitleBarViewContainer.m in Sources */,
				43FA5BE4141705FD00ECC80E /* kiwiAppDelegate.mm in Sources */,
			);
			runOnlyForDeploymentPostprocessing = 0;
		};
/* End PBXSourcesBuildPhase section */

/* Begin XCBuildConfiguration section */
		1D6058940D05DD3E006BFB54 /* Debug */ = {
			isa = XCBuildConfiguration;
			buildSettings = {
				ALWAYS_SEARCH_USER_PATHS = NO;
				CODE_SIGN_IDENTITY = "iPhone Developer";
				COMPRESS_PNG_FILES = NO;
				COPY_PHASE_STRIP = NO;
				GCC_DYNAMIC_NO_PIC = NO;
				GCC_OPTIMIZATION_LEVEL = 0;
				GCC_PRECOMPILE_PREFIX_HEADER = YES;
				GCC_PREFIX_HEADER = "Kiwi/Kiwi-Prefix.pch";
				"GCC_THUMB_SUPPORT[arch=armv6]" = "";
				GCC_VERSION = com.apple.compilers.llvm.clang.1_0;
				HEADER_SEARCH_PATHS = (
					"$(ves_build)/CMakeExternals/Source/vtk/**",
					"$(ves_source)/src/kiwi",
					"$(ves_source)/src/ves",
					"$(ves_build)/CMakeExternals/Install/eigen",
				);
				INFOPLIST_FILE = "Kiwi/Kiwi-Info.plist";
				IPHONEOS_DEPLOYMENT_TARGET = 4.3;
				LIBRARY_SEARCH_PATHS = "$(inherited)";
				"LIBRARY_SEARCH_PATHS[sdk=iphoneos*][arch=*]" = (
					"$(inherited)",
					"\"$(ves_build)/CMakeExternals/Build/vtk-ios-device/lib\"",
					"\"$(ves_build)/CMakeExternals/Build/ves-ios-device/lib\"",
				);
				"LIBRARY_SEARCH_PATHS[sdk=iphonesimulator*][arch=*]" = (
					"$(inherited)",
					"\"$(ves_build)/CMakeExternals/Build/vtk-ios-simulator/lib\"",
					"\"$(ves_build)/CMakeExternals/Build/ves-ios-simulator/lib\"",
				);
				PRODUCT_NAME = kiwi;
				PROVISIONING_PROFILE = "";
				TARGETED_DEVICE_FAMILY = "1,2";
				USER_HEADER_SEARCH_PATHS = "";
				VALIDATE_PRODUCT = YES;
				ves_source = "$(SRCROOT)/../../..";
			};
			name = Debug;
		};
		1D6058950D05DD3E006BFB54 /* Release */ = {
			isa = XCBuildConfiguration;
			buildSettings = {
				ALWAYS_SEARCH_USER_PATHS = NO;
				CODE_SIGN_IDENTITY = "iPhone Developer";
				"CODE_SIGN_IDENTITY[sdk=iphoneos*]" = "iPhone Developer";
				COMPRESS_PNG_FILES = NO;
				COPY_PHASE_STRIP = YES;
				GCC_PRECOMPILE_PREFIX_HEADER = YES;
				GCC_PREFIX_HEADER = "Kiwi/Kiwi-Prefix.pch";
				"GCC_THUMB_SUPPORT[arch=armv6]" = "";
				GCC_VERSION = com.apple.compilers.llvm.clang.1_0;
				HEADER_SEARCH_PATHS = (
					"$(ves_build)/CMakeExternals/Source/vtk/**",
					"$(ves_source)/src/kiwi",
					"$(ves_source)/src/ves",
					"$(ves_build)/CMakeExternals/Install/eigen",
				);
				INFOPLIST_FILE = "Kiwi/Kiwi-Info.plist";
				IPHONEOS_DEPLOYMENT_TARGET = 4.3;
				LIBRARY_SEARCH_PATHS = "$(inherited)";
				"LIBRARY_SEARCH_PATHS[sdk=iphoneos*][arch=*]" = (
					"$(inherited)",
					"\"$(ves_build)/CMakeExternals/Build/vtk-ios-device/lib\"",
					"\"$(ves_build)/CMakeExternals/Build/ves-ios-device/lib\"",
				);
				"LIBRARY_SEARCH_PATHS[sdk=iphonesimulator*][arch=*]" = (
					"$(inherited)",
					"\"$(ves_build)/CMakeExternals/Build/vtk-ios-simulator/lib\"",
					"\"$(ves_build)/CMakeExternals/Build/ves-ios-simulator/lib\"",
				);
				PRODUCT_NAME = kiwi;
				PROVISIONING_PROFILE = "";
				"PROVISIONING_PROFILE[sdk=iphoneos*]" = "";
				TARGETED_DEVICE_FAMILY = "1,2";
				USER_HEADER_SEARCH_PATHS = "";
				VALIDATE_PRODUCT = YES;
				ves_source = "$(SRCROOT)/../../..";
			};
			name = Release;
		};
		7001CD6813F2BCE900346099 /* AppStoreDistributionConfiguration */ = {
			isa = XCBuildConfiguration;
			baseConfigurationReference = 43F0A7A21448D1E500A8CE8D /* kiwi.xcconfig */;
			buildSettings = {
				ARCHS = "$(ARCHS_UNIVERSAL_IPHONE_OS)";
				CODE_SIGN_IDENTITY = "iPhone Distribution: Kitware Inc.";
				"CODE_SIGN_IDENTITY[sdk=iphoneos*]" = "iPhone Distribution: Kitware Inc.";
				GCC_C_LANGUAGE_STANDARD = c99;
				GCC_PRECOMPILE_PREFIX_HEADER = YES;
				GCC_PREFIX_HEADER = "Kiwi/Kiwi-Prefix.pch";
				GCC_WARN_ABOUT_RETURN_TYPE = YES;
				GCC_WARN_UNUSED_VARIABLE = YES;
				HEADER_SEARCH_PATHS = "";
				INFOPLIST_FILE = "Kiwi/Kiwi-Info.plist";
				OTHER_CFLAGS = "-DNS_BLOCK_ASSERTIONS=1";
				PRODUCT_NAME = kiwi;
				PROVISIONING_PROFILE = "B8AED505-0041-4D2F-BA3C-8E3073226432";
				"PROVISIONING_PROFILE[sdk=iphoneos*]" = "B8AED505-0041-4D2F-BA3C-8E3073226432";
				SCAN_ALL_SOURCE_FILES_FOR_INCLUDES = NO;
				SDKROOT = iphoneos;
				TARGETED_DEVICE_FAMILY = "1,2";
			};
			name = AppStoreDistributionConfiguration;
		};
		7001CD6913F2BCE900346099 /* AppStoreDistributionConfiguration */ = {
			isa = XCBuildConfiguration;
			buildSettings = {
				ALWAYS_SEARCH_USER_PATHS = NO;
				CODE_SIGN_IDENTITY = "iPhone Distribution: Kitware Inc.";
				"CODE_SIGN_IDENTITY[sdk=iphoneos*]" = "iPhone Distribution";
				COMPRESS_PNG_FILES = NO;
				COPY_PHASE_STRIP = YES;
				GCC_PRECOMPILE_PREFIX_HEADER = YES;
				GCC_PREFIX_HEADER = "Kiwi/Kiwi-Prefix.pch";
				"GCC_THUMB_SUPPORT[arch=armv6]" = "";
				GCC_VERSION = com.apple.compilers.llvm.clang.1_0;
				HEADER_SEARCH_PATHS = (
					"$(ves_build)/CMakeExternals/Source/vtk/**",
					"$(ves_source)/src/kiwi",
					"$(ves_source)/src/ves",
					"$(ves_build)/CMakeExternals/Install/eigen",
				);
				INFOPLIST_FILE = "Kiwi/Kiwi-Info.plist";
				IPHONEOS_DEPLOYMENT_TARGET = 4.3;
				LIBRARY_SEARCH_PATHS = "$(inherited)";
				"LIBRARY_SEARCH_PATHS[sdk=iphoneos*][arch=*]" = (
					"$(inherited)",
					"\"$(ves_build)/CMakeExternals/Build/vtk-ios-device/lib\"",
					"\"$(ves_build)/CMakeExternals/Build/ves-ios-device/lib\"",
				);
				"LIBRARY_SEARCH_PATHS[sdk=iphonesimulator*][arch=*]" = (
					"$(inherited)",
					"\"$(ves_build)/CMakeExternals/Build/vtk-ios-simulator/lib\"",
					"\"$(ves_build)/CMakeExternals/Build/ves-ios-simulator/lib\"",
				);
				PRODUCT_NAME = kiwi;
				PROVISIONING_PROFILE = "B8AED505-0041-4D2F-BA3C-8E3073226432";
				"PROVISIONING_PROFILE[sdk=iphoneos*]" = "";
				TARGETED_DEVICE_FAMILY = "1,2";
				USER_HEADER_SEARCH_PATHS = "";
				VALIDATE_PRODUCT = YES;
				ves_source = "$(SRCROOT)/../../..";
			};
			name = AppStoreDistributionConfiguration;
		};
		7001CD6A13F2BDDE00346099 /* RelWithDebug */ = {
			isa = XCBuildConfiguration;
			baseConfigurationReference = 43F0A7A21448D1E500A8CE8D /* kiwi.xcconfig */;
			buildSettings = {
				ARCHS = "$(ARCHS_UNIVERSAL_IPHONE_OS)";
				"CODE_SIGN_IDENTITY[sdk=iphoneos*]" = "iPhone Developer";
				GCC_C_LANGUAGE_STANDARD = c99;
				GCC_PRECOMPILE_PREFIX_HEADER = YES;
				GCC_PREFIX_HEADER = "Kiwi/Kiwi-Prefix.pch";
				GCC_WARN_ABOUT_RETURN_TYPE = YES;
				GCC_WARN_UNUSED_VARIABLE = YES;
				HEADER_SEARCH_PATHS = "";
				INFOPLIST_FILE = "Kiwi/Kiwi-Info.plist";
				OTHER_CFLAGS = "-DNS_BLOCK_ASSERTIONS=1";
				PRODUCT_NAME = kiwi;
				SCAN_ALL_SOURCE_FILES_FOR_INCLUDES = NO;
				SDKROOT = iphoneos;
				TARGETED_DEVICE_FAMILY = "1,2";
			};
			name = RelWithDebug;
		};
		7001CD6B13F2BDDE00346099 /* RelWithDebug */ = {
			isa = XCBuildConfiguration;
			buildSettings = {
				ALWAYS_SEARCH_USER_PATHS = NO;
				CODE_SIGN_IDENTITY = "iPhone Developer";
				"CODE_SIGN_IDENTITY[sdk=iphoneos*]" = "iPhone Developer";
				COMPRESS_PNG_FILES = NO;
				COPY_PHASE_STRIP = NO;
				GCC_PRECOMPILE_PREFIX_HEADER = YES;
				GCC_PREFIX_HEADER = "Kiwi/Kiwi-Prefix.pch";
				"GCC_THUMB_SUPPORT[arch=armv6]" = "";
				GCC_VERSION = com.apple.compilers.llvm.clang.1_0;
				HEADER_SEARCH_PATHS = (
					"$(ves_build)/CMakeExternals/Source/vtk/**",
					"$(ves_source)/src/kiwi",
					"$(ves_source)/src/ves",
					"$(ves_build)/CMakeExternals/Install/eigen",
				);
				INFOPLIST_FILE = "Kiwi/Kiwi-Info.plist";
				IPHONEOS_DEPLOYMENT_TARGET = 4.3;
				LIBRARY_SEARCH_PATHS = "$(inherited)";
				"LIBRARY_SEARCH_PATHS[sdk=iphoneos*][arch=*]" = (
					"$(inherited)",
					"\"$(ves_build)/CMakeExternals/Build/vtk-ios-device/lib\"",
					"\"$(ves_build)/CMakeExternals/Build/ves-ios-device/lib\"",
				);
				"LIBRARY_SEARCH_PATHS[sdk=iphonesimulator*][arch=*]" = (
					"$(inherited)",
					"\"$(ves_build)/CMakeExternals/Build/vtk-ios-simulator/lib\"",
					"\"$(ves_build)/CMakeExternals/Build/ves-ios-simulator/lib\"",
				);
				PRODUCT_NAME = kiwi;
				PROVISIONING_PROFILE = "";
				"PROVISIONING_PROFILE[sdk=iphoneos*]" = "";
				TARGETED_DEVICE_FAMILY = "1,2";
				USER_HEADER_SEARCH_PATHS = "";
				VALIDATE_PRODUCT = YES;
				ves_source = "$(SRCROOT)/../../..";
			};
			name = RelWithDebug;
		};
		C01FCF4F08A954540054247B /* Debug */ = {
			isa = XCBuildConfiguration;
			baseConfigurationReference = 43F0A7A21448D1E500A8CE8D /* kiwi.xcconfig */;
			buildSettings = {
				ARCHS = "$(ARCHS_UNIVERSAL_IPHONE_OS)";
				"CODE_SIGN_IDENTITY[sdk=iphoneos*]" = "iPhone Developer";
				GCC_C_LANGUAGE_STANDARD = c99;
				GCC_PRECOMPILE_PREFIX_HEADER = YES;
				GCC_PREFIX_HEADER = "Kiwi/Kiwi-Prefix.pch";
				GCC_PREPROCESSOR_DEFINITIONS = DEBUG;
				GCC_WARN_ABOUT_RETURN_TYPE = YES;
				GCC_WARN_UNUSED_VARIABLE = YES;
				HEADER_SEARCH_PATHS = "";
				INFOPLIST_FILE = "Kiwi/Kiwi-Info.plist";
				PRODUCT_NAME = kiwi;
				SCAN_ALL_SOURCE_FILES_FOR_INCLUDES = NO;
				SDKROOT = iphoneos;
				TARGETED_DEVICE_FAMILY = "1,2";
			};
			name = Debug;
		};
		C01FCF5008A954540054247B /* Release */ = {
			isa = XCBuildConfiguration;
			baseConfigurationReference = 43F0A7A21448D1E500A8CE8D /* kiwi.xcconfig */;
			buildSettings = {
				ARCHS = "$(ARCHS_UNIVERSAL_IPHONE_OS)";
				"CODE_SIGN_IDENTITY[sdk=iphoneos*]" = "iPhone Developer";
				GCC_C_LANGUAGE_STANDARD = c99;
				GCC_PRECOMPILE_PREFIX_HEADER = YES;
				GCC_PREFIX_HEADER = "Kiwi/Kiwi-Prefix.pch";
				GCC_WARN_ABOUT_RETURN_TYPE = YES;
				GCC_WARN_UNUSED_VARIABLE = YES;
				HEADER_SEARCH_PATHS = "";
				INFOPLIST_FILE = "Kiwi/Kiwi-Info.plist";
				OTHER_CFLAGS = "-DNS_BLOCK_ASSERTIONS=1";
				PRODUCT_NAME = kiwi;
				SCAN_ALL_SOURCE_FILES_FOR_INCLUDES = NO;
				SDKROOT = iphoneos;
				TARGETED_DEVICE_FAMILY = "1,2";
			};
			name = Release;
		};
/* End XCBuildConfiguration section */

/* Begin XCConfigurationList section */
		1D6058960D05DD3E006BFB54 /* Build configuration list for PBXNativeTarget "kiwi" */ = {
			isa = XCConfigurationList;
			buildConfigurations = (
				1D6058940D05DD3E006BFB54 /* Debug */,
				1D6058950D05DD3E006BFB54 /* Release */,
				7001CD6B13F2BDDE00346099 /* RelWithDebug */,
				7001CD6913F2BCE900346099 /* AppStoreDistributionConfiguration */,
			);
			defaultConfigurationIsVisible = 0;
			defaultConfigurationName = Release;
		};
		C01FCF4E08A954540054247B /* Build configuration list for PBXProject "Kiwi" */ = {
			isa = XCConfigurationList;
			buildConfigurations = (
				C01FCF4F08A954540054247B /* Debug */,
				C01FCF5008A954540054247B /* Release */,
				7001CD6A13F2BDDE00346099 /* RelWithDebug */,
				7001CD6813F2BCE900346099 /* AppStoreDistributionConfiguration */,
			);
			defaultConfigurationIsVisible = 0;
			defaultConfigurationName = Release;
		};
/* End XCConfigurationList section */
	};
	rootObject = 29B97313FDCFA39411CA2CEA /* Project object */;
}
